// !$*UTF8*$!
{
	archiveVersion = 1;
	classes = {
	};
	objectVersion = 46;
	objects = {

/* Begin PBXBuildFile section */
		3F008F7A1DC251FB00F3C752 /* main.m in Sources */ = {isa = PBXBuildFile; fileRef = 3F008F791DC251FB00F3C752 /* main.m */; };
		3F008F7D1DC2521E00F3C752 /* AppDelegate.m in Sources */ = {isa = PBXBuildFile; fileRef = 3F008F7C1DC2521E00F3C752 /* AppDelegate.m */; };
		3F008F7F1DC2528A00F3C752 /* Images.xcassets in Resources */ = {isa = PBXBuildFile; fileRef = 3F008F7E1DC2528A00F3C752 /* Images.xcassets */; };
		3F008F821DC252C300F3C752 /* LaunchScreen.xib in Resources */ = {isa = PBXBuildFile; fileRef = 3F008F801DC252C300F3C752 /* LaunchScreen.xib */; };
		3F16F8381DDB672900E26427 /* HSCITabVC.m in Sources */ = {isa = PBXBuildFile; fileRef = 3F16F8371DDB672900E26427 /* HSCITabVC.m */; };
		3F16F83F1DDB6A8200E26427 /* HSCICompanyProfileVC.m in Sources */ = {isa = PBXBuildFile; fileRef = 3F16F83A1DDB6A8200E26427 /* HSCICompanyProfileVC.m */; };
		3F16F8401DDB6A8200E26427 /* HSCIDevelopmentBaseVC.m in Sources */ = {isa = PBXBuildFile; fileRef = 3F16F83C1DDB6A8200E26427 /* HSCIDevelopmentBaseVC.m */; };
		3F16F8411DDB6A8200E26427 /* HSCIManufacturingBaseVC.m in Sources */ = {isa = PBXBuildFile; fileRef = 3F16F83E1DDB6A8200E26427 /* HSCIManufacturingBaseVC.m */; };
		3F1E72EB1DCAD0A800B16341 /* HSImageButton.m in Sources */ = {isa = PBXBuildFile; fileRef = 3F1E72EA1DCAD0A800B16341 /* HSImageButton.m */; };
		3F22737C1DCC52B1003E421E /* HSLabel.m in Sources */ = {isa = PBXBuildFile; fileRef = 3F22737B1DCC52B1003E421E /* HSLabel.m */; };
		3F2B20A81DC602A700B2BBA4 /* HSTabBar.m in Sources */ = {isa = PBXBuildFile; fileRef = 3F2B20A71DC602A700B2BBA4 /* HSTabBar.m */; };
		3F3FA5211DE3EA210072DDE9 /* HSVideoView.m in Sources */ = {isa = PBXBuildFile; fileRef = 3F3FA5201DE3EA210072DDE9 /* HSVideoView.m */; };
		3F4A98141DF9936400B6649C /* test.mp4 in Resources */ = {isa = PBXBuildFile; fileRef = 3F4A98131DF9936400B6649C /* test.mp4 */; };
		3F4A98221DF9ADE500B6649C /* logo1@2x.png in Resources */ = {isa = PBXBuildFile; fileRef = 3F4A98211DF9ADE500B6649C /* logo1@2x.png */; };
		3F4A98261DF9AECE00B6649C /* pi_btn_pdf.png in Resources */ = {isa = PBXBuildFile; fileRef = 3F4A98231DF9AECE00B6649C /* pi_btn_pdf.png */; };
		3F4A98271DF9AECE00B6649C /* pi_btn_ppt.png in Resources */ = {isa = PBXBuildFile; fileRef = 3F4A98241DF9AECE00B6649C /* pi_btn_ppt.png */; };
		3F4A98281DF9AECE00B6649C /* pi_btn_video.png in Resources */ = {isa = PBXBuildFile; fileRef = 3F4A98251DF9AECE00B6649C /* pi_btn_video.png */; };
		3F4A982B1DF9B35A00B6649C /* HSResUtil.m in Sources */ = {isa = PBXBuildFile; fileRef = 3F4A982A1DF9B35A00B6649C /* HSResUtil.m */; };
		3F5313901DEC1115005B8CC2 /* HSCPAreaVC.m in Sources */ = {isa = PBXBuildFile; fileRef = 3F53138F1DEC1115005B8CC2 /* HSCPAreaVC.m */; };
		3F5313931DEC114E005B8CC2 /* HSCPTypeVC.m in Sources */ = {isa = PBXBuildFile; fileRef = 3F5313921DEC114E005B8CC2 /* HSCPTypeVC.m */; };
		3F5313961DEC1775005B8CC2 /* HSCPTabVC.m in Sources */ = {isa = PBXBuildFile; fileRef = 3F5313951DEC1775005B8CC2 /* HSCPTabVC.m */; };
		3F5C1EA61DE68B9E00B298F6 /* HSPIBaseVC.m in Sources */ = {isa = PBXBuildFile; fileRef = 3F5C1EA51DE68B9E00B298F6 /* HSPIBaseVC.m */; };
		3F5C1EA91DE68BDD00B298F6 /* HSPIElevatorVC.m in Sources */ = {isa = PBXBuildFile; fileRef = 3F5C1EA81DE68BDD00B298F6 /* HSPIElevatorVC.m */; };
		3F5C1EAC1DE68C6F00B298F6 /* HSPIEscalatorVC.m in Sources */ = {isa = PBXBuildFile; fileRef = 3F5C1EAB1DE68C6F00B298F6 /* HSPIEscalatorVC.m */; };
		3F5C1EAF1DE68F2200B298F6 /* HSProductView.m in Sources */ = {isa = PBXBuildFile; fileRef = 3F5C1EAE1DE68F2200B298F6 /* HSProductView.m */; };
		3F66977E1DE732290092311C /* QuickLook.framework in Frameworks */ = {isa = PBXBuildFile; fileRef = 3F66977D1DE732290092311C /* QuickLook.framework */; };
		3F6697811DE732490092311C /* HSPreviewVC.m in Sources */ = {isa = PBXBuildFile; fileRef = 3F6697801DE732490092311C /* HSPreviewVC.m */; };
		3F6697831DE733490092311C /* test.pptx in Resources */ = {isa = PBXBuildFile; fileRef = 3F6697821DE733490092311C /* test.pptx */; };
		3F6697851DE734130092311C /* test.pdf in Resources */ = {isa = PBXBuildFile; fileRef = 3F6697841DE734130092311C /* test.pdf */; };
		3F676EE71DD0B7A9000AE782 /* HSCITechnologyVC.m in Sources */ = {isa = PBXBuildFile; fileRef = 3F676EE61DD0B7A9000AE782 /* HSCITechnologyVC.m */; };
		3F676EEA1DD0B7C3000AE782 /* HSCITopicsVC.m in Sources */ = {isa = PBXBuildFile; fileRef = 3F676EE91DD0B7C3000AE782 /* HSCITopicsVC.m */; };
		3F7E39331DFC40D700BF78B2 /* HSFileUtil.m in Sources */ = {isa = PBXBuildFile; fileRef = 3F7E39321DFC40D700BF78B2 /* HSFileUtil.m */; };
		3F7E39361DFC438C00BF78B2 /* HSInitUtil.m in Sources */ = {isa = PBXBuildFile; fileRef = 3F7E39351DFC438C00BF78B2 /* HSInitUtil.m */; };
		3F7E39381DFC4AD000BF78B2 /* default-imgs.zip in Resources */ = {isa = PBXBuildFile; fileRef = 3F7E39371DFC4AD000BF78B2 /* default-imgs.zip */; };
		3F8032DE1DD0638B00C8BFCD /* HSBaseBottomLogoVC.m in Sources */ = {isa = PBXBuildFile; fileRef = 3F8032D31DD0638B00C8BFCD /* HSBaseBottomLogoVC.m */; };
		3F8032DF1DD0638B00C8BFCD /* HSBaseContentVC.m in Sources */ = {isa = PBXBuildFile; fileRef = 3F8032D51DD0638B00C8BFCD /* HSBaseContentVC.m */; };
		3F8032E11DD0638B00C8BFCD /* HSBaseTopLogoVC.m in Sources */ = {isa = PBXBuildFile; fileRef = 3F8032D91DD0638B00C8BFCD /* HSBaseTopLogoVC.m */; };
		3F8032E21DD0638B00C8BFCD /* HSBaseVC.m in Sources */ = {isa = PBXBuildFile; fileRef = 3F8032DB1DD0638B00C8BFCD /* HSBaseVC.m */; };
		3F8032E31DD0638B00C8BFCD /* HSTabBarController.m in Sources */ = {isa = PBXBuildFile; fileRef = 3F8032DD1DD0638B00C8BFCD /* HSTabBarController.m */; };
		3F8F93231DE48B6A00495180 /* HSCISalesServiceVC.m in Sources */ = {isa = PBXBuildFile; fileRef = 3F8F93221DE48B6A00495180 /* HSCISalesServiceVC.m */; };
		3F903BE01DEF13CA00777388 /* HSCPAreaPartVC.m in Sources */ = {isa = PBXBuildFile; fileRef = 3F903BDF1DEF13CA00777388 /* HSCPAreaPartVC.m */; };
		3F903BE31DEF240500777388 /* HSProjectView.m in Sources */ = {isa = PBXBuildFile; fileRef = 3F903BE21DEF240500777388 /* HSProjectView.m */; };
		3F9203EC1DC38DCD007EB7B6 /* HSMainTabController.m in Sources */ = {isa = PBXBuildFile; fileRef = 3F9203EA1DC38DCD007EB7B6 /* HSMainTabController.m */; };
		3F9203EF1DC390C4007EB7B6 /* HSCIMainVC.m in Sources */ = {isa = PBXBuildFile; fileRef = 3F9203EE1DC390C4007EB7B6 /* HSCIMainVC.m */; };
		3F9203F21DC390E5007EB7B6 /* HSCPMainVC.m in Sources */ = {isa = PBXBuildFile; fileRef = 3F9203F11DC390E5007EB7B6 /* HSCPMainVC.m */; };
		3F9203F81DC391A3007EB7B6 /* HSPITabVC.m in Sources */ = {isa = PBXBuildFile; fileRef = 3F9203F71DC391A3007EB7B6 /* HSPITabVC.m */; };
		3F9203FB1DC396E0007EB7B6 /* HSMainVC.m in Sources */ = {isa = PBXBuildFile; fileRef = 3F9203FA1DC396E0007EB7B6 /* HSMainVC.m */; };
		3F9A4B421DF94912002F4A04 /* main_bg@2x.jpg in Resources */ = {isa = PBXBuildFile; fileRef = 3F9A4B241DF94912002F4A04 /* main_bg@2x.jpg */; };
		3F9A4B431DF94912002F4A04 /* ci_history_bg@2x.jpg in Resources */ = {isa = PBXBuildFile; fileRef = 3F9A4B251DF94912002F4A04 /* ci_history_bg@2x.jpg */; };
		3F9A4B441DF94912002F4A04 /* cp_area_part_bg_3_2_0@2x.jpg in Resources */ = {isa = PBXBuildFile; fileRef = 3F9A4B261DF94912002F4A04 /* cp_area_part_bg_3_2_0@2x.jpg */; };
		3F9A4B451DF94912002F4A04 /* cp_area_part_bg_3_3_0@2x.jpg in Resources */ = {isa = PBXBuildFile; fileRef = 3F9A4B271DF94912002F4A04 /* cp_area_part_bg_3_3_0@2x.jpg */; };
		3F9A4B461DF94912002F4A04 /* cp_area_part_bg_3_1_0@2x.jpg in Resources */ = {isa = PBXBuildFile; fileRef = 3F9A4B281DF94912002F4A04 /* cp_area_part_bg_3_1_0@2x.jpg */; };
		3F9A4B471DF94912002F4A04 /* cp_area_part_bg_3_4_0@2x.jpg in Resources */ = {isa = PBXBuildFile; fileRef = 3F9A4B291DF94912002F4A04 /* cp_area_part_bg_3_4_0@2x.jpg */; };
		3F9A4B481DF94912002F4A04 /* maintenance_bg@2x.jpg in Resources */ = {isa = PBXBuildFile; fileRef = 3F9A4B2A1DF94912002F4A04 /* maintenance_bg@2x.jpg */; };
		3F9A4B491DF94912002F4A04 /* ci_topics_bg@2x.jpg in Resources */ = {isa = PBXBuildFile; fileRef = 3F9A4B2B1DF94912002F4A04 /* ci_topics_bg@2x.jpg */; };
		3F9A4B4A1DF94912002F4A04 /* cp_area_btn_3_1_1_East@2x.jpg in Resources */ = {isa = PBXBuildFile; fileRef = 3F9A4B2C1DF94912002F4A04 /* cp_area_btn_3_1_1_East@2x.jpg */; };
		3F9A4B4B1DF94912002F4A04 /* cp_area_btn_3_1_4_West Asia@2x.jpg in Resources */ = {isa = PBXBuildFile; fileRef = 3F9A4B2D1DF94912002F4A04 /* cp_area_btn_3_1_4_West Asia@2x.jpg */; };
		3F9A4B4C1DF94912002F4A04 /* cp_area_btn_3_1_2_The southeast@2x.jpg in Resources */ = {isa = PBXBuildFile; fileRef = 3F9A4B2E1DF94912002F4A04 /* cp_area_btn_3_1_2_The southeast@2x.jpg */; };
		3F9A4B4D1DF94912002F4A04 /* cp_area_btn_3_1_3_Southern@2x.jpg in Resources */ = {isa = PBXBuildFile; fileRef = 3F9A4B2F1DF94912002F4A04 /* cp_area_btn_3_1_3_Southern@2x.jpg */; };
		3F9A4B4E1DF94912002F4A04 /* common_bg@2x.jpg in Resources */ = {isa = PBXBuildFile; fileRef = 3F9A4B301DF94912002F4A04 /* common_bg@2x.jpg */; };
		3F9A4B4F1DF94912002F4A04 /* cp_main_btn_3_2_Building_type@2x.jpg in Resources */ = {isa = PBXBuildFile; fileRef = 3F9A4B311DF94912002F4A04 /* cp_main_btn_3_2_Building_type@2x.jpg */; };
		3F9A4B501DF94912002F4A04 /* ci_main_bg@2x.jpg in Resources */ = {isa = PBXBuildFile; fileRef = 3F9A4B321DF94912002F4A04 /* ci_main_bg@2x.jpg */; };
		3F9A4B511DF94912002F4A04 /* pi_main_bg@2x.jpg in Resources */ = {isa = PBXBuildFile; fileRef = 3F9A4B331DF94912002F4A04 /* pi_main_bg@2x.jpg */; };
		3F9A4B521DF94912002F4A04 /* cp_type_btn_4_1_Mix@2x.jpg in Resources */ = {isa = PBXBuildFile; fileRef = 3F9A4B341DF94912002F4A04 /* cp_type_btn_4_1_Mix@2x.jpg */; };
		3F9A4B531DF94912002F4A04 /* cp_main_btn_3_1_Area@2x.jpg in Resources */ = {isa = PBXBuildFile; fileRef = 3F9A4B351DF94912002F4A04 /* cp_main_btn_3_1_Area@2x.jpg */; };
		3F9A4B541DF94912002F4A04 /* cp_type_btn_4_6_Airport@2x.jpg in Resources */ = {isa = PBXBuildFile; fileRef = 3F9A4B361DF94912002F4A04 /* cp_type_btn_4_6_Airport@2x.jpg */; };
		3F9A4B551DF94912002F4A04 /* cp_type_btn_4_4_Hotel@2x.jpg in Resources */ = {isa = PBXBuildFile; fileRef = 3F9A4B371DF94912002F4A04 /* cp_type_btn_4_4_Hotel@2x.jpg */; };
		3F9A4B561DF94912002F4A04 /* cp_type_btn_4_5_Shopping@2x.jpg in Resources */ = {isa = PBXBuildFile; fileRef = 3F9A4B381DF94912002F4A04 /* cp_type_btn_4_5_Shopping@2x.jpg */; };
		3F9A4B571DF94912002F4A04 /* cp_type_btn_4_8_Others@2x.jpg in Resources */ = {isa = PBXBuildFile; fileRef = 3F9A4B391DF94912002F4A04 /* cp_type_btn_4_8_Others@2x.jpg */; };
		3F9A4B581DF94912002F4A04 /* cp_type_btn_4_7_Commercial@2x.jpg in Resources */ = {isa = PBXBuildFile; fileRef = 3F9A4B3A1DF94912002F4A04 /* cp_type_btn_4_7_Commercial@2x.jpg */; };
		3F9A4B591DF94912002F4A04 /* cp_type_btn_4_2_Office@2x.jpg in Resources */ = {isa = PBXBuildFile; fileRef = 3F9A4B3B1DF94912002F4A04 /* cp_type_btn_4_2_Office@2x.jpg */; };
		3F9A4B5A1DF94912002F4A04 /* cp_type_btn_4_3_Residence@2x.jpg in Resources */ = {isa = PBXBuildFile; fileRef = 3F9A4B3C1DF94912002F4A04 /* cp_type_btn_4_3_Residence@2x.jpg */; };
		3F9A4B5B1DF94912002F4A04 /* main_btn_company_introduction@2x.png in Resources */ = {isa = PBXBuildFile; fileRef = 3F9A4B3D1DF94912002F4A04 /* main_btn_company_introduction@2x.png */; };
		3F9A4B5C1DF94912002F4A04 /* main_btn_product_introduction@2x.png in Resources */ = {isa = PBXBuildFile; fileRef = 3F9A4B3E1DF94912002F4A04 /* main_btn_product_introduction@2x.png */; };
		3F9A4B5D1DF94912002F4A04 /* main_btn_maintenance@2x.png in Resources */ = {isa = PBXBuildFile; fileRef = 3F9A4B3F1DF94912002F4A04 /* main_btn_maintenance@2x.png */; };
		3F9A4B5E1DF94912002F4A04 /* main_btn_classic_project@2x.png in Resources */ = {isa = PBXBuildFile; fileRef = 3F9A4B401DF94912002F4A04 /* main_btn_classic_project@2x.png */; };
		3F9A4B5F1DF94912002F4A04 /* logo@2x.png in Resources */ = {isa = PBXBuildFile; fileRef = 3F9A4B411DF94912002F4A04 /* logo@2x.png */; };
		3F9A4B6C1DF95344002F4A04 /* HSDBUtil.m in Sources */ = {isa = PBXBuildFile; fileRef = 3F9A4B691DF95344002F4A04 /* HSDBUtil.m */; };
		3F9A4B6D1DF95344002F4A04 /* HSViewUtil.m in Sources */ = {isa = PBXBuildFile; fileRef = 3F9A4B6B1DF95344002F4A04 /* HSViewUtil.m */; };
		3F9A4B701DF953ED002F4A04 /* HSModel.m in Sources */ = {isa = PBXBuildFile; fileRef = 3F9A4B6F1DF953ED002F4A04 /* HSModel.m */; };
		3F9A4B7C1DF97074002F4A04 /* ci_main_btn_2_1_Company Profile@2x.jpg in Resources */ = {isa = PBXBuildFile; fileRef = 3F9A4B751DF97074002F4A04 /* ci_main_btn_2_1_Company Profile@2x.jpg */; };
		3F9A4B7D1DF97074002F4A04 /* ci_main_btn_2_2_Developmentbase@2x.jpg in Resources */ = {isa = PBXBuildFile; fileRef = 3F9A4B761DF97074002F4A04 /* ci_main_btn_2_2_Developmentbase@2x.jpg */; };
		3F9A4B7E1DF97074002F4A04 /* ci_main_btn_2_3_Manufacturing@2x.jpg in Resources */ = {isa = PBXBuildFile; fileRef = 3F9A4B771DF97074002F4A04 /* ci_main_btn_2_3_Manufacturing@2x.jpg */; };
		3F9A4B7F1DF97074002F4A04 /* ci_main_btn_2_4_Sales@2x.jpg in Resources */ = {isa = PBXBuildFile; fileRef = 3F9A4B781DF97074002F4A04 /* ci_main_btn_2_4_Sales@2x.jpg */; };
		3F9A4B801DF97074002F4A04 /* ci_main_btn_2_5_History@2x.jpg in Resources */ = {isa = PBXBuildFile; fileRef = 3F9A4B791DF97074002F4A04 /* ci_main_btn_2_5_History@2x.jpg */; };
		3F9A4B811DF97074002F4A04 /* ci_main_btn_2_6_Technology@2x.jpg in Resources */ = {isa = PBXBuildFile; fileRef = 3F9A4B7A1DF97074002F4A04 /* ci_main_btn_2_6_Technology@2x.jpg */; };
		3F9A4B821DF97074002F4A04 /* ci_main_btn_2_7_Topics@2x.jpg in Resources */ = {isa = PBXBuildFile; fileRef = 3F9A4B7B1DF97074002F4A04 /* ci_main_btn_2_7_Topics@2x.jpg */; };
		3FA375511DF084B300E4EDA5 /* HSCPTypeTabVC.m in Sources */ = {isa = PBXBuildFile; fileRef = 3FA375501DF084B300E4EDA5 /* HSCPTypeTabVC.m */; };
		3FA375541DF0857B00E4EDA5 /* HSCPTypeTabBar.m in Sources */ = {isa = PBXBuildFile; fileRef = 3FA375531DF0857B00E4EDA5 /* HSCPTypeTabBar.m */; };
		3FA481461DF4171B00493E81 /* HSCPProjectVC.m in Sources */ = {isa = PBXBuildFile; fileRef = 3FA481451DF4171B00493E81 /* HSCPProjectVC.m */; };
		3FA527B81DE4308C00813E07 /* HSVideoPlayVC.m in Sources */ = {isa = PBXBuildFile; fileRef = 3FA527B71DE4308C00813E07 /* HSVideoPlayVC.m */; };
		3FB7E3911DE7DD0F007A33A9 /* HSCISalesServiceSubVC.m in Sources */ = {isa = PBXBuildFile; fileRef = 3FB7E3901DE7DD0F007A33A9 /* HSCISalesServiceSubVC.m */; };
		3FCF05E81DE5BD640098D292 /* HSCIBaseVideoVC.m in Sources */ = {isa = PBXBuildFile; fileRef = 3FCF05E71DE5BD640098D292 /* HSCIBaseVideoVC.m */; };
		3FCF05EB1DE5D6AE0098D292 /* HSCIHistoryVC.m in Sources */ = {isa = PBXBuildFile; fileRef = 3FCF05EA1DE5D6AE0098D292 /* HSCIHistoryVC.m */; };
		3FCF05F11DE5E9EB0098D292 /* HSMaintenanceVC.m in Sources */ = {isa = PBXBuildFile; fileRef = 3FCF05F01DE5E9EB0098D292 /* HSMaintenanceVC.m */; };
		3FD176C61DEC7827000131E4 /* HSCPBaseVC.m in Sources */ = {isa = PBXBuildFile; fileRef = 3FD176C51DEC7827000131E4 /* HSCPBaseVC.m */; };
		3FE7DE5D1DF85FC20066BF88 /* data.db in Resources */ = {isa = PBXBuildFile; fileRef = 3FE7DE5C1DF85FC20066BF88 /* data.db */; };
		3FE7DE601DF860010066BF88 /* HSCommonInfo.m in Sources */ = {isa = PBXBuildFile; fileRef = 3FE7DE5F1DF860010066BF88 /* HSCommonInfo.m */; };
		3FEE6F261DE35C6400A097E9 /* libstdc++.6.0.9.dylib in Frameworks */ = {isa = PBXBuildFile; fileRef = 3FFAA6791DE1868600FD9875 /* libstdc++.6.0.9.dylib */; };
		3FEE6F271DE35C6E00A097E9 /* libiconv.dylib in Frameworks */ = {isa = PBXBuildFile; fileRef = 3FFAA6771DE1867900FD9875 /* libiconv.dylib */; };
		3FEE6F281DE35C7600A097E9 /* libbz2.dylib in Frameworks */ = {isa = PBXBuildFile; fileRef = 3FFAA6751DE1867000FD9875 /* libbz2.dylib */; };
		3FEE6F291DE35C7B00A097E9 /* libz.dylib in Frameworks */ = {isa = PBXBuildFile; fileRef = 3FFAA6731DE1866400FD9875 /* libz.dylib */; };
		3FFB9E961DF0656200ACD9F9 /* HSCPTypePartVC.m in Sources */ = {isa = PBXBuildFile; fileRef = 3FFB9E951DF0656200ACD9F9 /* HSCPTypePartVC.m */; };
		3FFB9E991DF0719200ACD9F9 /* HSCPAreaTabVC.m in Sources */ = {isa = PBXBuildFile; fileRef = 3FFB9E981DF0719200ACD9F9 /* HSCPAreaTabVC.m */; };
		3FFB9E9C1DF0742D00ACD9F9 /* HSCPAreaTabBar.m in Sources */ = {isa = PBXBuildFile; fileRef = 3FFB9E9B1DF0742D00ACD9F9 /* HSCPAreaTabBar.m */; };
		BE19C03C4D822CD5153B9E9B /* libPods-HitachShow.a in Frameworks */ = {isa = PBXBuildFile; fileRef = 2F848EEA07360639BEC005D3 /* libPods-HitachShow.a */; };
/* End PBXBuildFile section */

/* Begin PBXFileReference section */
		2F848EEA07360639BEC005D3 /* libPods-HitachShow.a */ = {isa = PBXFileReference; explicitFileType = archive.ar; includeInIndex = 0; path = "libPods-HitachShow.a"; sourceTree = BUILT_PRODUCTS_DIR; };
		349BBB22885E3522413A2D2F /* Pods-HitachShow.release.xcconfig */ = {isa = PBXFileReference; includeInIndex = 1; lastKnownFileType = text.xcconfig; name = "Pods-HitachShow.release.xcconfig"; path = "Pods/Target Support Files/Pods-HitachShow/Pods-HitachShow.release.xcconfig"; sourceTree = "<group>"; };
		3F008F761DC2519900F3C752 /* Info.plist */ = {isa = PBXFileReference; fileEncoding = 4; lastKnownFileType = text.plist.xml; path = Info.plist; sourceTree = "<group>"; };
		3F008F791DC251FB00F3C752 /* main.m */ = {isa = PBXFileReference; fileEncoding = 4; lastKnownFileType = sourcecode.c.objc; path = main.m; sourceTree = "<group>"; };
		3F008F7B1DC2521E00F3C752 /* AppDelegate.h */ = {isa = PBXFileReference; fileEncoding = 4; lastKnownFileType = sourcecode.c.h; path = AppDelegate.h; sourceTree = "<group>"; };
		3F008F7C1DC2521E00F3C752 /* AppDelegate.m */ = {isa = PBXFileReference; fileEncoding = 4; lastKnownFileType = sourcecode.c.objc; path = AppDelegate.m; sourceTree = "<group>"; };
		3F008F7E1DC2528A00F3C752 /* Images.xcassets */ = {isa = PBXFileReference; lastKnownFileType = folder.assetcatalog; path = Images.xcassets; sourceTree = "<group>"; };
		3F008F801DC252C300F3C752 /* LaunchScreen.xib */ = {isa = PBXFileReference; fileEncoding = 4; lastKnownFileType = file.xib; name = LaunchScreen.xib; path = HitachShow/Others/LaunchScreen.xib; sourceTree = SOURCE_ROOT; };
		3F0189A61DC25BC100108F35 /* Prefix.pch */ = {isa = PBXFileReference; fileEncoding = 4; lastKnownFileType = sourcecode.c.h; path = Prefix.pch; sourceTree = "<group>"; };
		3F16F8361DDB672900E26427 /* HSCITabVC.h */ = {isa = PBXFileReference; fileEncoding = 4; lastKnownFileType = sourcecode.c.h; path = HSCITabVC.h; sourceTree = "<group>"; };
		3F16F8371DDB672900E26427 /* HSCITabVC.m */ = {isa = PBXFileReference; fileEncoding = 4; lastKnownFileType = sourcecode.c.objc; path = HSCITabVC.m; sourceTree = "<group>"; };
		3F16F8391DDB6A8200E26427 /* HSCICompanyProfileVC.h */ = {isa = PBXFileReference; fileEncoding = 4; lastKnownFileType = sourcecode.c.h; path = HSCICompanyProfileVC.h; sourceTree = "<group>"; };
		3F16F83A1DDB6A8200E26427 /* HSCICompanyProfileVC.m */ = {isa = PBXFileReference; fileEncoding = 4; lastKnownFileType = sourcecode.c.objc; path = HSCICompanyProfileVC.m; sourceTree = "<group>"; };
		3F16F83B1DDB6A8200E26427 /* HSCIDevelopmentBaseVC.h */ = {isa = PBXFileReference; fileEncoding = 4; lastKnownFileType = sourcecode.c.h; path = HSCIDevelopmentBaseVC.h; sourceTree = "<group>"; };
		3F16F83C1DDB6A8200E26427 /* HSCIDevelopmentBaseVC.m */ = {isa = PBXFileReference; fileEncoding = 4; lastKnownFileType = sourcecode.c.objc; path = HSCIDevelopmentBaseVC.m; sourceTree = "<group>"; };
		3F16F83D1DDB6A8200E26427 /* HSCIManufacturingBaseVC.h */ = {isa = PBXFileReference; fileEncoding = 4; lastKnownFileType = sourcecode.c.h; path = HSCIManufacturingBaseVC.h; sourceTree = "<group>"; };
		3F16F83E1DDB6A8200E26427 /* HSCIManufacturingBaseVC.m */ = {isa = PBXFileReference; fileEncoding = 4; lastKnownFileType = sourcecode.c.objc; path = HSCIManufacturingBaseVC.m; sourceTree = "<group>"; };
		3F1E72E91DCAD0A800B16341 /* HSImageButton.h */ = {isa = PBXFileReference; fileEncoding = 4; lastKnownFileType = sourcecode.c.h; path = HSImageButton.h; sourceTree = "<group>"; };
		3F1E72EA1DCAD0A800B16341 /* HSImageButton.m */ = {isa = PBXFileReference; fileEncoding = 4; lastKnownFileType = sourcecode.c.objc; path = HSImageButton.m; sourceTree = "<group>"; };
		3F22737A1DCC52B1003E421E /* HSLabel.h */ = {isa = PBXFileReference; fileEncoding = 4; lastKnownFileType = sourcecode.c.h; path = HSLabel.h; sourceTree = "<group>"; };
		3F22737B1DCC52B1003E421E /* HSLabel.m */ = {isa = PBXFileReference; fileEncoding = 4; lastKnownFileType = sourcecode.c.objc; path = HSLabel.m; sourceTree = "<group>"; };
		3F2B20A61DC602A700B2BBA4 /* HSTabBar.h */ = {isa = PBXFileReference; fileEncoding = 4; lastKnownFileType = sourcecode.c.h; path = HSTabBar.h; sourceTree = "<group>"; };
		3F2B20A71DC602A700B2BBA4 /* HSTabBar.m */ = {isa = PBXFileReference; fileEncoding = 4; lastKnownFileType = sourcecode.c.objc; path = HSTabBar.m; sourceTree = "<group>"; };
		3F3D80661DC24B6B0074556C /* HitachShow.app */ = {isa = PBXFileReference; explicitFileType = wrapper.application; includeInIndex = 0; path = HitachShow.app; sourceTree = BUILT_PRODUCTS_DIR; };
		3F3FA51F1DE3EA210072DDE9 /* HSVideoView.h */ = {isa = PBXFileReference; fileEncoding = 4; lastKnownFileType = sourcecode.c.h; path = HSVideoView.h; sourceTree = "<group>"; };
		3F3FA5201DE3EA210072DDE9 /* HSVideoView.m */ = {isa = PBXFileReference; fileEncoding = 4; lastKnownFileType = sourcecode.c.objc; path = HSVideoView.m; sourceTree = "<group>"; };
		3F4A98131DF9936400B6649C /* test.mp4 */ = {isa = PBXFileReference; lastKnownFileType = file; path = test.mp4; sourceTree = "<group>"; };
		3F4A98211DF9ADE500B6649C /* logo1@2x.png */ = {isa = PBXFileReference; lastKnownFileType = image.png; path = "logo1@2x.png"; sourceTree = "<group>"; };
		3F4A98231DF9AECE00B6649C /* pi_btn_pdf.png */ = {isa = PBXFileReference; lastKnownFileType = image.png; path = pi_btn_pdf.png; sourceTree = "<group>"; };
		3F4A98241DF9AECE00B6649C /* pi_btn_ppt.png */ = {isa = PBXFileReference; lastKnownFileType = image.png; path = pi_btn_ppt.png; sourceTree = "<group>"; };
		3F4A98251DF9AECE00B6649C /* pi_btn_video.png */ = {isa = PBXFileReference; lastKnownFileType = image.png; path = pi_btn_video.png; sourceTree = "<group>"; };
		3F4A98291DF9B35A00B6649C /* HSResUtil.h */ = {isa = PBXFileReference; fileEncoding = 4; lastKnownFileType = sourcecode.c.h; path = HSResUtil.h; sourceTree = "<group>"; };
		3F4A982A1DF9B35A00B6649C /* HSResUtil.m */ = {isa = PBXFileReference; fileEncoding = 4; lastKnownFileType = sourcecode.c.objc; path = HSResUtil.m; sourceTree = "<group>"; };
		3F53138E1DEC1115005B8CC2 /* HSCPAreaVC.h */ = {isa = PBXFileReference; fileEncoding = 4; lastKnownFileType = sourcecode.c.h; path = HSCPAreaVC.h; sourceTree = "<group>"; };
		3F53138F1DEC1115005B8CC2 /* HSCPAreaVC.m */ = {isa = PBXFileReference; fileEncoding = 4; lastKnownFileType = sourcecode.c.objc; path = HSCPAreaVC.m; sourceTree = "<group>"; };
		3F5313911DEC114E005B8CC2 /* HSCPTypeVC.h */ = {isa = PBXFileReference; fileEncoding = 4; lastKnownFileType = sourcecode.c.h; path = HSCPTypeVC.h; sourceTree = "<group>"; };
		3F5313921DEC114E005B8CC2 /* HSCPTypeVC.m */ = {isa = PBXFileReference; fileEncoding = 4; lastKnownFileType = sourcecode.c.objc; path = HSCPTypeVC.m; sourceTree = "<group>"; };
		3F5313941DEC1775005B8CC2 /* HSCPTabVC.h */ = {isa = PBXFileReference; fileEncoding = 4; lastKnownFileType = sourcecode.c.h; path = HSCPTabVC.h; sourceTree = "<group>"; };
		3F5313951DEC1775005B8CC2 /* HSCPTabVC.m */ = {isa = PBXFileReference; fileEncoding = 4; lastKnownFileType = sourcecode.c.objc; path = HSCPTabVC.m; sourceTree = "<group>"; };
		3F5C1EA41DE68B9E00B298F6 /* HSPIBaseVC.h */ = {isa = PBXFileReference; fileEncoding = 4; lastKnownFileType = sourcecode.c.h; path = HSPIBaseVC.h; sourceTree = "<group>"; };
		3F5C1EA51DE68B9E00B298F6 /* HSPIBaseVC.m */ = {isa = PBXFileReference; fileEncoding = 4; lastKnownFileType = sourcecode.c.objc; path = HSPIBaseVC.m; sourceTree = "<group>"; };
		3F5C1EA71DE68BDD00B298F6 /* HSPIElevatorVC.h */ = {isa = PBXFileReference; fileEncoding = 4; lastKnownFileType = sourcecode.c.h; path = HSPIElevatorVC.h; sourceTree = "<group>"; };
		3F5C1EA81DE68BDD00B298F6 /* HSPIElevatorVC.m */ = {isa = PBXFileReference; fileEncoding = 4; lastKnownFileType = sourcecode.c.objc; path = HSPIElevatorVC.m; sourceTree = "<group>"; };
		3F5C1EAA1DE68C6F00B298F6 /* HSPIEscalatorVC.h */ = {isa = PBXFileReference; fileEncoding = 4; lastKnownFileType = sourcecode.c.h; path = HSPIEscalatorVC.h; sourceTree = "<group>"; };
		3F5C1EAB1DE68C6F00B298F6 /* HSPIEscalatorVC.m */ = {isa = PBXFileReference; fileEncoding = 4; lastKnownFileType = sourcecode.c.objc; path = HSPIEscalatorVC.m; sourceTree = "<group>"; };
		3F5C1EAD1DE68F2200B298F6 /* HSProductView.h */ = {isa = PBXFileReference; fileEncoding = 4; lastKnownFileType = sourcecode.c.h; path = HSProductView.h; sourceTree = "<group>"; };
		3F5C1EAE1DE68F2200B298F6 /* HSProductView.m */ = {isa = PBXFileReference; fileEncoding = 4; lastKnownFileType = sourcecode.c.objc; path = HSProductView.m; sourceTree = "<group>"; };
		3F66977D1DE732290092311C /* QuickLook.framework */ = {isa = PBXFileReference; lastKnownFileType = wrapper.framework; name = QuickLook.framework; path = System/Library/Frameworks/QuickLook.framework; sourceTree = SDKROOT; };
		3F66977F1DE732490092311C /* HSPreviewVC.h */ = {isa = PBXFileReference; fileEncoding = 4; lastKnownFileType = sourcecode.c.h; path = HSPreviewVC.h; sourceTree = "<group>"; };
		3F6697801DE732490092311C /* HSPreviewVC.m */ = {isa = PBXFileReference; fileEncoding = 4; lastKnownFileType = sourcecode.c.objc; path = HSPreviewVC.m; sourceTree = "<group>"; };
		3F6697821DE733490092311C /* test.pptx */ = {isa = PBXFileReference; lastKnownFileType = file; path = test.pptx; sourceTree = "<group>"; };
		3F6697841DE734130092311C /* test.pdf */ = {isa = PBXFileReference; lastKnownFileType = image.pdf; path = test.pdf; sourceTree = "<group>"; };
		3F676EE51DD0B7A9000AE782 /* HSCITechnologyVC.h */ = {isa = PBXFileReference; fileEncoding = 4; lastKnownFileType = sourcecode.c.h; path = HSCITechnologyVC.h; sourceTree = "<group>"; };
		3F676EE61DD0B7A9000AE782 /* HSCITechnologyVC.m */ = {isa = PBXFileReference; fileEncoding = 4; lastKnownFileType = sourcecode.c.objc; path = HSCITechnologyVC.m; sourceTree = "<group>"; };
		3F676EE81DD0B7C3000AE782 /* HSCITopicsVC.h */ = {isa = PBXFileReference; fileEncoding = 4; lastKnownFileType = sourcecode.c.h; path = HSCITopicsVC.h; sourceTree = "<group>"; };
		3F676EE91DD0B7C3000AE782 /* HSCITopicsVC.m */ = {isa = PBXFileReference; fileEncoding = 4; lastKnownFileType = sourcecode.c.objc; path = HSCITopicsVC.m; sourceTree = "<group>"; };
		3F7A1F971DC6DDA900DEE2E6 /* HSDefine.h */ = {isa = PBXFileReference; fileEncoding = 4; lastKnownFileType = sourcecode.c.h; path = HSDefine.h; sourceTree = "<group>"; };
		3F7E39311DFC40D700BF78B2 /* HSFileUtil.h */ = {isa = PBXFileReference; fileEncoding = 4; lastKnownFileType = sourcecode.c.h; path = HSFileUtil.h; sourceTree = "<group>"; };
		3F7E39321DFC40D700BF78B2 /* HSFileUtil.m */ = {isa = PBXFileReference; fileEncoding = 4; lastKnownFileType = sourcecode.c.objc; path = HSFileUtil.m; sourceTree = "<group>"; };
		3F7E39341DFC438C00BF78B2 /* HSInitUtil.h */ = {isa = PBXFileReference; fileEncoding = 4; lastKnownFileType = sourcecode.c.h; path = HSInitUtil.h; sourceTree = "<group>"; };
		3F7E39351DFC438C00BF78B2 /* HSInitUtil.m */ = {isa = PBXFileReference; fileEncoding = 4; lastKnownFileType = sourcecode.c.objc; path = HSInitUtil.m; sourceTree = "<group>"; };
		3F7E39371DFC4AD000BF78B2 /* default-imgs.zip */ = {isa = PBXFileReference; lastKnownFileType = archive.zip; path = "default-imgs.zip"; sourceTree = "<group>"; };
		3F8032D21DD0638B00C8BFCD /* HSBaseBottomLogoVC.h */ = {isa = PBXFileReference; fileEncoding = 4; lastKnownFileType = sourcecode.c.h; path = HSBaseBottomLogoVC.h; sourceTree = "<group>"; };
		3F8032D31DD0638B00C8BFCD /* HSBaseBottomLogoVC.m */ = {isa = PBXFileReference; fileEncoding = 4; lastKnownFileType = sourcecode.c.objc; path = HSBaseBottomLogoVC.m; sourceTree = "<group>"; };
		3F8032D41DD0638B00C8BFCD /* HSBaseContentVC.h */ = {isa = PBXFileReference; fileEncoding = 4; lastKnownFileType = sourcecode.c.h; path = HSBaseContentVC.h; sourceTree = "<group>"; };
		3F8032D51DD0638B00C8BFCD /* HSBaseContentVC.m */ = {isa = PBXFileReference; fileEncoding = 4; lastKnownFileType = sourcecode.c.objc; path = HSBaseContentVC.m; sourceTree = "<group>"; };
		3F8032D81DD0638B00C8BFCD /* HSBaseTopLogoVC.h */ = {isa = PBXFileReference; fileEncoding = 4; lastKnownFileType = sourcecode.c.h; path = HSBaseTopLogoVC.h; sourceTree = "<group>"; };
		3F8032D91DD0638B00C8BFCD /* HSBaseTopLogoVC.m */ = {isa = PBXFileReference; fileEncoding = 4; lastKnownFileType = sourcecode.c.objc; path = HSBaseTopLogoVC.m; sourceTree = "<group>"; };
		3F8032DA1DD0638B00C8BFCD /* HSBaseVC.h */ = {isa = PBXFileReference; fileEncoding = 4; lastKnownFileType = sourcecode.c.h; path = HSBaseVC.h; sourceTree = "<group>"; };
		3F8032DB1DD0638B00C8BFCD /* HSBaseVC.m */ = {isa = PBXFileReference; fileEncoding = 4; lastKnownFileType = sourcecode.c.objc; path = HSBaseVC.m; sourceTree = "<group>"; };
		3F8032DC1DD0638B00C8BFCD /* HSTabBarController.h */ = {isa = PBXFileReference; fileEncoding = 4; lastKnownFileType = sourcecode.c.h; path = HSTabBarController.h; sourceTree = "<group>"; };
		3F8032DD1DD0638B00C8BFCD /* HSTabBarController.m */ = {isa = PBXFileReference; fileEncoding = 4; lastKnownFileType = sourcecode.c.objc; path = HSTabBarController.m; sourceTree = "<group>"; };
		3F8F93211DE48B6A00495180 /* HSCISalesServiceVC.h */ = {isa = PBXFileReference; fileEncoding = 4; lastKnownFileType = sourcecode.c.h; path = HSCISalesServiceVC.h; sourceTree = "<group>"; };
		3F8F93221DE48B6A00495180 /* HSCISalesServiceVC.m */ = {isa = PBXFileReference; fileEncoding = 4; lastKnownFileType = sourcecode.c.objc; path = HSCISalesServiceVC.m; sourceTree = "<group>"; };
		3F903BDE1DEF13CA00777388 /* HSCPAreaPartVC.h */ = {isa = PBXFileReference; fileEncoding = 4; lastKnownFileType = sourcecode.c.h; path = HSCPAreaPartVC.h; sourceTree = "<group>"; };
		3F903BDF1DEF13CA00777388 /* HSCPAreaPartVC.m */ = {isa = PBXFileReference; fileEncoding = 4; lastKnownFileType = sourcecode.c.objc; path = HSCPAreaPartVC.m; sourceTree = "<group>"; };
		3F903BE11DEF240500777388 /* HSProjectView.h */ = {isa = PBXFileReference; fileEncoding = 4; lastKnownFileType = sourcecode.c.h; path = HSProjectView.h; sourceTree = "<group>"; };
		3F903BE21DEF240500777388 /* HSProjectView.m */ = {isa = PBXFileReference; fileEncoding = 4; lastKnownFileType = sourcecode.c.objc; path = HSProjectView.m; sourceTree = "<group>"; };
		3F9203E91DC38DCD007EB7B6 /* HSMainTabController.h */ = {isa = PBXFileReference; fileEncoding = 4; lastKnownFileType = sourcecode.c.h; path = HSMainTabController.h; sourceTree = "<group>"; };
		3F9203EA1DC38DCD007EB7B6 /* HSMainTabController.m */ = {isa = PBXFileReference; fileEncoding = 4; lastKnownFileType = sourcecode.c.objc; path = HSMainTabController.m; sourceTree = "<group>"; };
		3F9203ED1DC390C4007EB7B6 /* HSCIMainVC.h */ = {isa = PBXFileReference; fileEncoding = 4; lastKnownFileType = sourcecode.c.h; path = HSCIMainVC.h; sourceTree = "<group>"; };
		3F9203EE1DC390C4007EB7B6 /* HSCIMainVC.m */ = {isa = PBXFileReference; fileEncoding = 4; lastKnownFileType = sourcecode.c.objc; path = HSCIMainVC.m; sourceTree = "<group>"; };
		3F9203F01DC390E5007EB7B6 /* HSCPMainVC.h */ = {isa = PBXFileReference; fileEncoding = 4; lastKnownFileType = sourcecode.c.h; path = HSCPMainVC.h; sourceTree = "<group>"; };
		3F9203F11DC390E5007EB7B6 /* HSCPMainVC.m */ = {isa = PBXFileReference; fileEncoding = 4; lastKnownFileType = sourcecode.c.objc; path = HSCPMainVC.m; sourceTree = "<group>"; };
		3F9203F61DC391A3007EB7B6 /* HSPITabVC.h */ = {isa = PBXFileReference; fileEncoding = 4; lastKnownFileType = sourcecode.c.h; path = HSPITabVC.h; sourceTree = "<group>"; };
		3F9203F71DC391A3007EB7B6 /* HSPITabVC.m */ = {isa = PBXFileReference; fileEncoding = 4; lastKnownFileType = sourcecode.c.objc; path = HSPITabVC.m; sourceTree = "<group>"; };
		3F9203F91DC396E0007EB7B6 /* HSMainVC.h */ = {isa = PBXFileReference; fileEncoding = 4; lastKnownFileType = sourcecode.c.h; path = HSMainVC.h; sourceTree = "<group>"; };
		3F9203FA1DC396E0007EB7B6 /* HSMainVC.m */ = {isa = PBXFileReference; fileEncoding = 4; lastKnownFileType = sourcecode.c.objc; path = HSMainVC.m; sourceTree = "<group>"; };
		3F9A4B241DF94912002F4A04 /* main_bg@2x.jpg */ = {isa = PBXFileReference; lastKnownFileType = image.jpeg; path = "main_bg@2x.jpg"; sourceTree = "<group>"; };
		3F9A4B251DF94912002F4A04 /* ci_history_bg@2x.jpg */ = {isa = PBXFileReference; lastKnownFileType = image.jpeg; path = "ci_history_bg@2x.jpg"; sourceTree = "<group>"; };
		3F9A4B261DF94912002F4A04 /* cp_area_part_bg_3_2_0@2x.jpg */ = {isa = PBXFileReference; lastKnownFileType = image.jpeg; path = "cp_area_part_bg_3_2_0@2x.jpg"; sourceTree = "<group>"; };
		3F9A4B271DF94912002F4A04 /* cp_area_part_bg_3_3_0@2x.jpg */ = {isa = PBXFileReference; lastKnownFileType = image.jpeg; path = "cp_area_part_bg_3_3_0@2x.jpg"; sourceTree = "<group>"; };
		3F9A4B281DF94912002F4A04 /* cp_area_part_bg_3_1_0@2x.jpg */ = {isa = PBXFileReference; lastKnownFileType = image.jpeg; path = "cp_area_part_bg_3_1_0@2x.jpg"; sourceTree = "<group>"; };
		3F9A4B291DF94912002F4A04 /* cp_area_part_bg_3_4_0@2x.jpg */ = {isa = PBXFileReference; lastKnownFileType = image.jpeg; path = "cp_area_part_bg_3_4_0@2x.jpg"; sourceTree = "<group>"; };
		3F9A4B2A1DF94912002F4A04 /* maintenance_bg@2x.jpg */ = {isa = PBXFileReference; lastKnownFileType = image.jpeg; path = "maintenance_bg@2x.jpg"; sourceTree = "<group>"; };
		3F9A4B2B1DF94912002F4A04 /* ci_topics_bg@2x.jpg */ = {isa = PBXFileReference; lastKnownFileType = image.jpeg; path = "ci_topics_bg@2x.jpg"; sourceTree = "<group>"; };
		3F9A4B2C1DF94912002F4A04 /* cp_area_btn_3_1_1_East@2x.jpg */ = {isa = PBXFileReference; lastKnownFileType = image.jpeg; path = "cp_area_btn_3_1_1_East@2x.jpg"; sourceTree = "<group>"; };
		3F9A4B2D1DF94912002F4A04 /* cp_area_btn_3_1_4_West Asia@2x.jpg */ = {isa = PBXFileReference; lastKnownFileType = image.jpeg; path = "cp_area_btn_3_1_4_West Asia@2x.jpg"; sourceTree = "<group>"; };
		3F9A4B2E1DF94912002F4A04 /* cp_area_btn_3_1_2_The southeast@2x.jpg */ = {isa = PBXFileReference; lastKnownFileType = image.jpeg; path = "cp_area_btn_3_1_2_The southeast@2x.jpg"; sourceTree = "<group>"; };
		3F9A4B2F1DF94912002F4A04 /* cp_area_btn_3_1_3_Southern@2x.jpg */ = {isa = PBXFileReference; lastKnownFileType = image.jpeg; path = "cp_area_btn_3_1_3_Southern@2x.jpg"; sourceTree = "<group>"; };
		3F9A4B301DF94912002F4A04 /* common_bg@2x.jpg */ = {isa = PBXFileReference; lastKnownFileType = image.jpeg; path = "common_bg@2x.jpg"; sourceTree = "<group>"; };
		3F9A4B311DF94912002F4A04 /* cp_main_btn_3_2_Building_type@2x.jpg */ = {isa = PBXFileReference; lastKnownFileType = image.jpeg; path = "cp_main_btn_3_2_Building_type@2x.jpg"; sourceTree = "<group>"; };
		3F9A4B321DF94912002F4A04 /* ci_main_bg@2x.jpg */ = {isa = PBXFileReference; lastKnownFileType = image.jpeg; path = "ci_main_bg@2x.jpg"; sourceTree = "<group>"; };
		3F9A4B331DF94912002F4A04 /* pi_main_bg@2x.jpg */ = {isa = PBXFileReference; lastKnownFileType = image.jpeg; path = "pi_main_bg@2x.jpg"; sourceTree = "<group>"; };
		3F9A4B341DF94912002F4A04 /* cp_type_btn_4_1_Mix@2x.jpg */ = {isa = PBXFileReference; lastKnownFileType = image.jpeg; path = "cp_type_btn_4_1_Mix@2x.jpg"; sourceTree = "<group>"; };
		3F9A4B351DF94912002F4A04 /* cp_main_btn_3_1_Area@2x.jpg */ = {isa = PBXFileReference; lastKnownFileType = image.jpeg; path = "cp_main_btn_3_1_Area@2x.jpg"; sourceTree = "<group>"; };
		3F9A4B361DF94912002F4A04 /* cp_type_btn_4_6_Airport@2x.jpg */ = {isa = PBXFileReference; lastKnownFileType = image.jpeg; path = "cp_type_btn_4_6_Airport@2x.jpg"; sourceTree = "<group>"; };
		3F9A4B371DF94912002F4A04 /* cp_type_btn_4_4_Hotel@2x.jpg */ = {isa = PBXFileReference; lastKnownFileType = image.jpeg; path = "cp_type_btn_4_4_Hotel@2x.jpg"; sourceTree = "<group>"; };
		3F9A4B381DF94912002F4A04 /* cp_type_btn_4_5_Shopping@2x.jpg */ = {isa = PBXFileReference; lastKnownFileType = image.jpeg; path = "cp_type_btn_4_5_Shopping@2x.jpg"; sourceTree = "<group>"; };
		3F9A4B391DF94912002F4A04 /* cp_type_btn_4_8_Others@2x.jpg */ = {isa = PBXFileReference; lastKnownFileType = image.jpeg; path = "cp_type_btn_4_8_Others@2x.jpg"; sourceTree = "<group>"; };
		3F9A4B3A1DF94912002F4A04 /* cp_type_btn_4_7_Commercial@2x.jpg */ = {isa = PBXFileReference; lastKnownFileType = image.jpeg; path = "cp_type_btn_4_7_Commercial@2x.jpg"; sourceTree = "<group>"; };
		3F9A4B3B1DF94912002F4A04 /* cp_type_btn_4_2_Office@2x.jpg */ = {isa = PBXFileReference; lastKnownFileType = image.jpeg; path = "cp_type_btn_4_2_Office@2x.jpg"; sourceTree = "<group>"; };
		3F9A4B3C1DF94912002F4A04 /* cp_type_btn_4_3_Residence@2x.jpg */ = {isa = PBXFileReference; lastKnownFileType = image.jpeg; path = "cp_type_btn_4_3_Residence@2x.jpg"; sourceTree = "<group>"; };
		3F9A4B3D1DF94912002F4A04 /* main_btn_company_introduction@2x.png */ = {isa = PBXFileReference; lastKnownFileType = image.png; path = "main_btn_company_introduction@2x.png"; sourceTree = "<group>"; };
		3F9A4B3E1DF94912002F4A04 /* main_btn_product_introduction@2x.png */ = {isa = PBXFileReference; lastKnownFileType = image.png; path = "main_btn_product_introduction@2x.png"; sourceTree = "<group>"; };
		3F9A4B3F1DF94912002F4A04 /* main_btn_maintenance@2x.png */ = {isa = PBXFileReference; lastKnownFileType = image.png; path = "main_btn_maintenance@2x.png"; sourceTree = "<group>"; };
		3F9A4B401DF94912002F4A04 /* main_btn_classic_project@2x.png */ = {isa = PBXFileReference; lastKnownFileType = image.png; path = "main_btn_classic_project@2x.png"; sourceTree = "<group>"; };
		3F9A4B411DF94912002F4A04 /* logo@2x.png */ = {isa = PBXFileReference; lastKnownFileType = image.png; path = "logo@2x.png"; sourceTree = "<group>"; };
		3F9A4B681DF95344002F4A04 /* HSDBUtil.h */ = {isa = PBXFileReference; fileEncoding = 4; lastKnownFileType = sourcecode.c.h; path = HSDBUtil.h; sourceTree = "<group>"; };
		3F9A4B691DF95344002F4A04 /* HSDBUtil.m */ = {isa = PBXFileReference; fileEncoding = 4; lastKnownFileType = sourcecode.c.objc; path = HSDBUtil.m; sourceTree = "<group>"; };
		3F9A4B6A1DF95344002F4A04 /* HSViewUtil.h */ = {isa = PBXFileReference; fileEncoding = 4; lastKnownFileType = sourcecode.c.h; path = HSViewUtil.h; sourceTree = "<group>"; };
		3F9A4B6B1DF95344002F4A04 /* HSViewUtil.m */ = {isa = PBXFileReference; fileEncoding = 4; lastKnownFileType = sourcecode.c.objc; path = HSViewUtil.m; sourceTree = "<group>"; };
		3F9A4B6E1DF953ED002F4A04 /* HSModel.h */ = {isa = PBXFileReference; fileEncoding = 4; lastKnownFileType = sourcecode.c.h; path = HSModel.h; sourceTree = "<group>"; };
		3F9A4B6F1DF953ED002F4A04 /* HSModel.m */ = {isa = PBXFileReference; fileEncoding = 4; lastKnownFileType = sourcecode.c.objc; path = HSModel.m; sourceTree = "<group>"; };
		3F9A4B751DF97074002F4A04 /* ci_main_btn_2_1_Company Profile@2x.jpg */ = {isa = PBXFileReference; lastKnownFileType = image.jpeg; path = "ci_main_btn_2_1_Company Profile@2x.jpg"; sourceTree = "<group>"; };
		3F9A4B761DF97074002F4A04 /* ci_main_btn_2_2_Developmentbase@2x.jpg */ = {isa = PBXFileReference; lastKnownFileType = image.jpeg; path = "ci_main_btn_2_2_Developmentbase@2x.jpg"; sourceTree = "<group>"; };
		3F9A4B771DF97074002F4A04 /* ci_main_btn_2_3_Manufacturing@2x.jpg */ = {isa = PBXFileReference; lastKnownFileType = image.jpeg; path = "ci_main_btn_2_3_Manufacturing@2x.jpg"; sourceTree = "<group>"; };
		3F9A4B781DF97074002F4A04 /* ci_main_btn_2_4_Sales@2x.jpg */ = {isa = PBXFileReference; lastKnownFileType = image.jpeg; path = "ci_main_btn_2_4_Sales@2x.jpg"; sourceTree = "<group>"; };
		3F9A4B791DF97074002F4A04 /* ci_main_btn_2_5_History@2x.jpg */ = {isa = PBXFileReference; lastKnownFileType = image.jpeg; path = "ci_main_btn_2_5_History@2x.jpg"; sourceTree = "<group>"; };
		3F9A4B7A1DF97074002F4A04 /* ci_main_btn_2_6_Technology@2x.jpg */ = {isa = PBXFileReference; lastKnownFileType = image.jpeg; path = "ci_main_btn_2_6_Technology@2x.jpg"; sourceTree = "<group>"; };
		3F9A4B7B1DF97074002F4A04 /* ci_main_btn_2_7_Topics@2x.jpg */ = {isa = PBXFileReference; lastKnownFileType = image.jpeg; path = "ci_main_btn_2_7_Topics@2x.jpg"; sourceTree = "<group>"; };
		3FA3754F1DF084B300E4EDA5 /* HSCPTypeTabVC.h */ = {isa = PBXFileReference; fileEncoding = 4; lastKnownFileType = sourcecode.c.h; path = HSCPTypeTabVC.h; sourceTree = "<group>"; };
		3FA375501DF084B300E4EDA5 /* HSCPTypeTabVC.m */ = {isa = PBXFileReference; fileEncoding = 4; lastKnownFileType = sourcecode.c.objc; path = HSCPTypeTabVC.m; sourceTree = "<group>"; };
		3FA375521DF0857B00E4EDA5 /* HSCPTypeTabBar.h */ = {isa = PBXFileReference; fileEncoding = 4; lastKnownFileType = sourcecode.c.h; path = HSCPTypeTabBar.h; sourceTree = "<group>"; };
		3FA375531DF0857B00E4EDA5 /* HSCPTypeTabBar.m */ = {isa = PBXFileReference; fileEncoding = 4; lastKnownFileType = sourcecode.c.objc; path = HSCPTypeTabBar.m; sourceTree = "<group>"; };
		3FA481441DF4171B00493E81 /* HSCPProjectVC.h */ = {isa = PBXFileReference; fileEncoding = 4; lastKnownFileType = sourcecode.c.h; path = HSCPProjectVC.h; sourceTree = "<group>"; };
		3FA481451DF4171B00493E81 /* HSCPProjectVC.m */ = {isa = PBXFileReference; fileEncoding = 4; lastKnownFileType = sourcecode.c.objc; path = HSCPProjectVC.m; sourceTree = "<group>"; };
		3FA527B61DE4308C00813E07 /* HSVideoPlayVC.h */ = {isa = PBXFileReference; fileEncoding = 4; lastKnownFileType = sourcecode.c.h; path = HSVideoPlayVC.h; sourceTree = "<group>"; };
		3FA527B71DE4308C00813E07 /* HSVideoPlayVC.m */ = {isa = PBXFileReference; fileEncoding = 4; lastKnownFileType = sourcecode.c.objc; path = HSVideoPlayVC.m; sourceTree = "<group>"; };
		3FB7E38F1DE7DD0F007A33A9 /* HSCISalesServiceSubVC.h */ = {isa = PBXFileReference; fileEncoding = 4; lastKnownFileType = sourcecode.c.h; path = HSCISalesServiceSubVC.h; sourceTree = "<group>"; };
		3FB7E3901DE7DD0F007A33A9 /* HSCISalesServiceSubVC.m */ = {isa = PBXFileReference; fileEncoding = 4; lastKnownFileType = sourcecode.c.objc; path = HSCISalesServiceSubVC.m; sourceTree = "<group>"; };
		3FCF05E61DE5BD640098D292 /* HSCIBaseVideoVC.h */ = {isa = PBXFileReference; fileEncoding = 4; lastKnownFileType = sourcecode.c.h; path = HSCIBaseVideoVC.h; sourceTree = "<group>"; };
		3FCF05E71DE5BD640098D292 /* HSCIBaseVideoVC.m */ = {isa = PBXFileReference; fileEncoding = 4; lastKnownFileType = sourcecode.c.objc; path = HSCIBaseVideoVC.m; sourceTree = "<group>"; };
		3FCF05E91DE5D6AE0098D292 /* HSCIHistoryVC.h */ = {isa = PBXFileReference; fileEncoding = 4; lastKnownFileType = sourcecode.c.h; path = HSCIHistoryVC.h; sourceTree = "<group>"; };
		3FCF05EA1DE5D6AE0098D292 /* HSCIHistoryVC.m */ = {isa = PBXFileReference; fileEncoding = 4; lastKnownFileType = sourcecode.c.objc; path = HSCIHistoryVC.m; sourceTree = "<group>"; };
		3FCF05EF1DE5E9EB0098D292 /* HSMaintenanceVC.h */ = {isa = PBXFileReference; fileEncoding = 4; lastKnownFileType = sourcecode.c.h; path = HSMaintenanceVC.h; sourceTree = "<group>"; };
		3FCF05F01DE5E9EB0098D292 /* HSMaintenanceVC.m */ = {isa = PBXFileReference; fileEncoding = 4; lastKnownFileType = sourcecode.c.objc; path = HSMaintenanceVC.m; sourceTree = "<group>"; };
		3FD176C41DEC7827000131E4 /* HSCPBaseVC.h */ = {isa = PBXFileReference; fileEncoding = 4; lastKnownFileType = sourcecode.c.h; path = HSCPBaseVC.h; sourceTree = "<group>"; };
		3FD176C51DEC7827000131E4 /* HSCPBaseVC.m */ = {isa = PBXFileReference; fileEncoding = 4; lastKnownFileType = sourcecode.c.objc; path = HSCPBaseVC.m; sourceTree = "<group>"; };
		3FE7DE5C1DF85FC20066BF88 /* data.db */ = {isa = PBXFileReference; lastKnownFileType = file; path = data.db; sourceTree = "<group>"; };
		3FE7DE5E1DF860010066BF88 /* HSCommonInfo.h */ = {isa = PBXFileReference; fileEncoding = 4; lastKnownFileType = sourcecode.c.h; path = HSCommonInfo.h; sourceTree = "<group>"; };
		3FE7DE5F1DF860010066BF88 /* HSCommonInfo.m */ = {isa = PBXFileReference; fileEncoding = 4; lastKnownFileType = sourcecode.c.objc; path = HSCommonInfo.m; sourceTree = "<group>"; };
		3FEE6F1E1DE347FF00A097E9 /* AVFoundation.framework */ = {isa = PBXFileReference; lastKnownFileType = wrapper.framework; name = AVFoundation.framework; path = System/Library/Frameworks/AVFoundation.framework; sourceTree = SDKROOT; };
		3FEE6F221DE34C8F00A097E9 /* CoreMedia.framework */ = {isa = PBXFileReference; lastKnownFileType = wrapper.framework; name = CoreMedia.framework; path = System/Library/Frameworks/CoreMedia.framework; sourceTree = SDKROOT; };
		3FFAA6731DE1866400FD9875 /* libz.dylib */ = {isa = PBXFileReference; lastKnownFileType = "compiled.mach-o.dylib"; name = libz.dylib; path = usr/lib/libz.dylib; sourceTree = SDKROOT; };
		3FFAA6751DE1867000FD9875 /* libbz2.dylib */ = {isa = PBXFileReference; lastKnownFileType = "compiled.mach-o.dylib"; name = libbz2.dylib; path = usr/lib/libbz2.dylib; sourceTree = SDKROOT; };
		3FFAA6771DE1867900FD9875 /* libiconv.dylib */ = {isa = PBXFileReference; lastKnownFileType = "compiled.mach-o.dylib"; name = libiconv.dylib; path = usr/lib/libiconv.dylib; sourceTree = SDKROOT; };
		3FFAA6791DE1868600FD9875 /* libstdc++.6.0.9.dylib */ = {isa = PBXFileReference; lastKnownFileType = "compiled.mach-o.dylib"; name = "libstdc++.6.0.9.dylib"; path = "usr/lib/libstdc++.6.0.9.dylib"; sourceTree = SDKROOT; };
		3FFB9E941DF0656200ACD9F9 /* HSCPTypePartVC.h */ = {isa = PBXFileReference; fileEncoding = 4; lastKnownFileType = sourcecode.c.h; path = HSCPTypePartVC.h; sourceTree = "<group>"; };
		3FFB9E951DF0656200ACD9F9 /* HSCPTypePartVC.m */ = {isa = PBXFileReference; fileEncoding = 4; lastKnownFileType = sourcecode.c.objc; path = HSCPTypePartVC.m; sourceTree = "<group>"; };
		3FFB9E971DF0719200ACD9F9 /* HSCPAreaTabVC.h */ = {isa = PBXFileReference; fileEncoding = 4; lastKnownFileType = sourcecode.c.h; path = HSCPAreaTabVC.h; sourceTree = "<group>"; };
		3FFB9E981DF0719200ACD9F9 /* HSCPAreaTabVC.m */ = {isa = PBXFileReference; fileEncoding = 4; lastKnownFileType = sourcecode.c.objc; path = HSCPAreaTabVC.m; sourceTree = "<group>"; };
		3FFB9E9A1DF0742D00ACD9F9 /* HSCPAreaTabBar.h */ = {isa = PBXFileReference; fileEncoding = 4; lastKnownFileType = sourcecode.c.h; path = HSCPAreaTabBar.h; sourceTree = "<group>"; };
		3FFB9E9B1DF0742D00ACD9F9 /* HSCPAreaTabBar.m */ = {isa = PBXFileReference; fileEncoding = 4; lastKnownFileType = sourcecode.c.objc; path = HSCPAreaTabBar.m; sourceTree = "<group>"; };
		54DB2CED8A5CBD43ACD0B5C9 /* Pods-HitachShow.debug.xcconfig */ = {isa = PBXFileReference; includeInIndex = 1; lastKnownFileType = text.xcconfig; name = "Pods-HitachShow.debug.xcconfig"; path = "Pods/Target Support Files/Pods-HitachShow/Pods-HitachShow.debug.xcconfig"; sourceTree = "<group>"; };
/* End PBXFileReference section */

/* Begin PBXFrameworksBuildPhase section */
		3F3D80631DC24B6B0074556C /* Frameworks */ = {
			isa = PBXFrameworksBuildPhase;
			buildActionMask = 2147483647;
			files = (
				3F66977E1DE732290092311C /* QuickLook.framework in Frameworks */,
				3FEE6F291DE35C7B00A097E9 /* libz.dylib in Frameworks */,
				3FEE6F281DE35C7600A097E9 /* libbz2.dylib in Frameworks */,
				3FEE6F271DE35C6E00A097E9 /* libiconv.dylib in Frameworks */,
				3FEE6F261DE35C6400A097E9 /* libstdc++.6.0.9.dylib in Frameworks */,
				BE19C03C4D822CD5153B9E9B /* libPods-HitachShow.a in Frameworks */,
			);
			runOnlyForDeploymentPostprocessing = 0;
		};
/* End PBXFrameworksBuildPhase section */

/* Begin PBXGroup section */
		19690E7CEE882B21572E1B84 /* Frameworks */ = {
			isa = PBXGroup;
			children = (
				3F66977D1DE732290092311C /* QuickLook.framework */,
				3FEE6F221DE34C8F00A097E9 /* CoreMedia.framework */,
				3FEE6F1E1DE347FF00A097E9 /* AVFoundation.framework */,
				3FFAA6791DE1868600FD9875 /* libstdc++.6.0.9.dylib */,
				3FFAA6771DE1867900FD9875 /* libiconv.dylib */,
				3FFAA6751DE1867000FD9875 /* libbz2.dylib */,
				3FFAA6731DE1866400FD9875 /* libz.dylib */,
				2F848EEA07360639BEC005D3 /* libPods-HitachShow.a */,
			);
			name = Frameworks;
			sourceTree = "<group>";
		};
		3F008F721DC2517100F3C752 /* Controller */ = {
			isa = PBXGroup;
			children = (
				3F9203E61DC38DAF007EB7B6 /* Main */,
				3F9203E31DC38C36007EB7B6 /* CompanyIntroduction */,
				3F9203E21DC38C36007EB7B6 /* ClassicProject */,
				3F9203E51DC38C36007EB7B6 /* ProductIntroduction */,
				3FCF05EE1DE5E9EB0098D292 /* Maintenance */,
			);
			path = Controller;
			sourceTree = "<group>";
		};
		3F008F731DC2517100F3C752 /* Model */ = {
			isa = PBXGroup;
			children = (
				3FE7DE5E1DF860010066BF88 /* HSCommonInfo.h */,
				3FE7DE5F1DF860010066BF88 /* HSCommonInfo.m */,
				3F9A4B6E1DF953ED002F4A04 /* HSModel.h */,
				3F9A4B6F1DF953ED002F4A04 /* HSModel.m */,
			);
			path = Model;
			sourceTree = "<group>";
		};
		3F008F741DC2517100F3C752 /* Resource */ = {
			isa = PBXGroup;
			children = (
				3FEBB4D91DF7F83D0075BE79 /* data */,
				3F74C8CB1DE2F2590071758E /* videos */,
				3F7EFBF41DC9DFDB00845586 /* images */,
				3F008F801DC252C300F3C752 /* LaunchScreen.xib */,
				3F008F7E1DC2528A00F3C752 /* Images.xcassets */,
				3F008F761DC2519900F3C752 /* Info.plist */,
			);
			path = Resource;
			sourceTree = "<group>";
		};
		3F008F751DC2517100F3C752 /* View */ = {
			isa = PBXGroup;
			children = (
				3F2B20A61DC602A700B2BBA4 /* HSTabBar.h */,
				3F2B20A71DC602A700B2BBA4 /* HSTabBar.m */,
				3FFB9E9A1DF0742D00ACD9F9 /* HSCPAreaTabBar.h */,
				3FFB9E9B1DF0742D00ACD9F9 /* HSCPAreaTabBar.m */,
				3FA375521DF0857B00E4EDA5 /* HSCPTypeTabBar.h */,
				3FA375531DF0857B00E4EDA5 /* HSCPTypeTabBar.m */,
				3F1E72E91DCAD0A800B16341 /* HSImageButton.h */,
				3F1E72EA1DCAD0A800B16341 /* HSImageButton.m */,
				3F22737A1DCC52B1003E421E /* HSLabel.h */,
				3F22737B1DCC52B1003E421E /* HSLabel.m */,
				3F3FA51F1DE3EA210072DDE9 /* HSVideoView.h */,
				3F3FA5201DE3EA210072DDE9 /* HSVideoView.m */,
				3F5C1EAD1DE68F2200B298F6 /* HSProductView.h */,
				3F5C1EAE1DE68F2200B298F6 /* HSProductView.m */,
				3F903BE11DEF240500777388 /* HSProjectView.h */,
				3F903BE21DEF240500777388 /* HSProjectView.m */,
			);
			path = View;
			sourceTree = "<group>";
		};
		3F008F781DC251C400F3C752 /* Others */ = {
			isa = PBXGroup;
			children = (
				3F9A4B671DF95344002F4A04 /* util */,
				3F008F7B1DC2521E00F3C752 /* AppDelegate.h */,
				3F008F7C1DC2521E00F3C752 /* AppDelegate.m */,
				3F008F791DC251FB00F3C752 /* main.m */,
				3F0189A61DC25BC100108F35 /* Prefix.pch */,
				3F7A1F971DC6DDA900DEE2E6 /* HSDefine.h */,
			);
			name = Others;
			path = HitachShow/Others;
			sourceTree = SOURCE_ROOT;
		};
		3F3D805D1DC24B6B0074556C = {
			isa = PBXGroup;
			children = (
				3F3D80681DC24B6B0074556C /* HitachShow */,
				3F3D80671DC24B6B0074556C /* Products */,
				AB9CF02B0EFF46701AB9F05F /* Pods */,
				19690E7CEE882B21572E1B84 /* Frameworks */,
			);
			sourceTree = "<group>";
		};
		3F3D80671DC24B6B0074556C /* Products */ = {
			isa = PBXGroup;
			children = (
				3F3D80661DC24B6B0074556C /* HitachShow.app */,
			);
			name = Products;
			sourceTree = "<group>";
		};
		3F3D80681DC24B6B0074556C /* HitachShow */ = {
			isa = PBXGroup;
			children = (
				3F008F721DC2517100F3C752 /* Controller */,
				3F008F751DC2517100F3C752 /* View */,
				3F008F731DC2517100F3C752 /* Model */,
				3F008F781DC251C400F3C752 /* Others */,
				3F008F741DC2517100F3C752 /* Resource */,
			);
			path = HitachShow;
			sourceTree = "<group>";
		};
		3F74C8CB1DE2F2590071758E /* videos */ = {
			isa = PBXGroup;
			children = (
				3F6697841DE734130092311C /* test.pdf */,
				3F6697821DE733490092311C /* test.pptx */,
				3F4A98131DF9936400B6649C /* test.mp4 */,
			);
			path = videos;
			sourceTree = "<group>";
		};
		3F7EFBF41DC9DFDB00845586 /* images */ = {
			isa = PBXGroup;
			children = (
				3F8784491DF55B11007AD738 /* base */,
				3F87844B1DF55B11007AD738 /* default */,
			);
			path = images;
			sourceTree = "<group>";
		};
		3F8032D11DD0638B00C8BFCD /* Base */ = {
			isa = PBXGroup;
			children = (
				3F8032D21DD0638B00C8BFCD /* HSBaseBottomLogoVC.h */,
				3F8032D31DD0638B00C8BFCD /* HSBaseBottomLogoVC.m */,
				3F8032D41DD0638B00C8BFCD /* HSBaseContentVC.h */,
				3F8032D51DD0638B00C8BFCD /* HSBaseContentVC.m */,
				3F8032D81DD0638B00C8BFCD /* HSBaseTopLogoVC.h */,
				3F8032D91DD0638B00C8BFCD /* HSBaseTopLogoVC.m */,
				3F8032DA1DD0638B00C8BFCD /* HSBaseVC.h */,
				3F8032DB1DD0638B00C8BFCD /* HSBaseVC.m */,
				3F8032DC1DD0638B00C8BFCD /* HSTabBarController.h */,
				3F8032DD1DD0638B00C8BFCD /* HSTabBarController.m */,
			);
			path = Base;
			sourceTree = "<group>";
		};
		3F8784491DF55B11007AD738 /* base */ = {
			isa = PBXGroup;
			children = (
				3F4A98211DF9ADE500B6649C /* logo1@2x.png */,
				3F9A4B241DF94912002F4A04 /* main_bg@2x.jpg */,
				3F9A4B751DF97074002F4A04 /* ci_main_btn_2_1_Company Profile@2x.jpg */,
				3F9A4B761DF97074002F4A04 /* ci_main_btn_2_2_Developmentbase@2x.jpg */,
				3F9A4B771DF97074002F4A04 /* ci_main_btn_2_3_Manufacturing@2x.jpg */,
				3F9A4B781DF97074002F4A04 /* ci_main_btn_2_4_Sales@2x.jpg */,
				3F9A4B791DF97074002F4A04 /* ci_main_btn_2_5_History@2x.jpg */,
				3F9A4B7A1DF97074002F4A04 /* ci_main_btn_2_6_Technology@2x.jpg */,
				3F9A4B7B1DF97074002F4A04 /* ci_main_btn_2_7_Topics@2x.jpg */,
				3F9A4B251DF94912002F4A04 /* ci_history_bg@2x.jpg */,
				3F9A4B261DF94912002F4A04 /* cp_area_part_bg_3_2_0@2x.jpg */,
				3F9A4B271DF94912002F4A04 /* cp_area_part_bg_3_3_0@2x.jpg */,
				3F9A4B281DF94912002F4A04 /* cp_area_part_bg_3_1_0@2x.jpg */,
				3F9A4B291DF94912002F4A04 /* cp_area_part_bg_3_4_0@2x.jpg */,
				3F9A4B2A1DF94912002F4A04 /* maintenance_bg@2x.jpg */,
				3F9A4B2B1DF94912002F4A04 /* ci_topics_bg@2x.jpg */,
				3F9A4B2C1DF94912002F4A04 /* cp_area_btn_3_1_1_East@2x.jpg */,
				3F9A4B2D1DF94912002F4A04 /* cp_area_btn_3_1_4_West Asia@2x.jpg */,
				3F9A4B2E1DF94912002F4A04 /* cp_area_btn_3_1_2_The southeast@2x.jpg */,
				3F9A4B2F1DF94912002F4A04 /* cp_area_btn_3_1_3_Southern@2x.jpg */,
				3F9A4B301DF94912002F4A04 /* common_bg@2x.jpg */,
				3F9A4B311DF94912002F4A04 /* cp_main_btn_3_2_Building_type@2x.jpg */,
				3F9A4B321DF94912002F4A04 /* ci_main_bg@2x.jpg */,
				3F9A4B331DF94912002F4A04 /* pi_main_bg@2x.jpg */,
				3F9A4B341DF94912002F4A04 /* cp_type_btn_4_1_Mix@2x.jpg */,
				3F9A4B351DF94912002F4A04 /* cp_main_btn_3_1_Area@2x.jpg */,
				3F9A4B361DF94912002F4A04 /* cp_type_btn_4_6_Airport@2x.jpg */,
				3F9A4B371DF94912002F4A04 /* cp_type_btn_4_4_Hotel@2x.jpg */,
				3F9A4B381DF94912002F4A04 /* cp_type_btn_4_5_Shopping@2x.jpg */,
				3F9A4B391DF94912002F4A04 /* cp_type_btn_4_8_Others@2x.jpg */,
				3F9A4B3A1DF94912002F4A04 /* cp_type_btn_4_7_Commercial@2x.jpg */,
				3F9A4B3B1DF94912002F4A04 /* cp_type_btn_4_2_Office@2x.jpg */,
				3F9A4B3C1DF94912002F4A04 /* cp_type_btn_4_3_Residence@2x.jpg */,
				3F9A4B3D1DF94912002F4A04 /* main_btn_company_introduction@2x.png */,
				3F9A4B3E1DF94912002F4A04 /* main_btn_product_introduction@2x.png */,
				3F9A4B3F1DF94912002F4A04 /* main_btn_maintenance@2x.png */,
				3F9A4B401DF94912002F4A04 /* main_btn_classic_project@2x.png */,
				3F9A4B411DF94912002F4A04 /* logo@2x.png */,
				3F4A98231DF9AECE00B6649C /* pi_btn_pdf.png */,
				3F4A98241DF9AECE00B6649C /* pi_btn_ppt.png */,
				3F4A98251DF9AECE00B6649C /* pi_btn_video.png */,
			);
			path = base;
			sourceTree = "<group>";
		};
		3F87844B1DF55B11007AD738 /* default */ = {
			isa = PBXGroup;
			children = (
				3F7E39371DFC4AD000BF78B2 /* default-imgs.zip */,
			);
			path = default;
			sourceTree = "<group>";
		};
		3F9203E21DC38C36007EB7B6 /* ClassicProject */ = {
			isa = PBXGroup;
			children = (
				3FD176C41DEC7827000131E4 /* HSCPBaseVC.h */,
				3FD176C51DEC7827000131E4 /* HSCPBaseVC.m */,
				3F9203F01DC390E5007EB7B6 /* HSCPMainVC.h */,
				3F9203F11DC390E5007EB7B6 /* HSCPMainVC.m */,
				3F5313941DEC1775005B8CC2 /* HSCPTabVC.h */,
				3F5313951DEC1775005B8CC2 /* HSCPTabVC.m */,
				3F53138E1DEC1115005B8CC2 /* HSCPAreaVC.h */,
				3F53138F1DEC1115005B8CC2 /* HSCPAreaVC.m */,
				3F903BDE1DEF13CA00777388 /* HSCPAreaPartVC.h */,
				3F903BDF1DEF13CA00777388 /* HSCPAreaPartVC.m */,
				3FFB9E971DF0719200ACD9F9 /* HSCPAreaTabVC.h */,
				3FFB9E981DF0719200ACD9F9 /* HSCPAreaTabVC.m */,
				3F5313911DEC114E005B8CC2 /* HSCPTypeVC.h */,
				3F5313921DEC114E005B8CC2 /* HSCPTypeVC.m */,
				3FFB9E941DF0656200ACD9F9 /* HSCPTypePartVC.h */,
				3FFB9E951DF0656200ACD9F9 /* HSCPTypePartVC.m */,
				3FA3754F1DF084B300E4EDA5 /* HSCPTypeTabVC.h */,
				3FA375501DF084B300E4EDA5 /* HSCPTypeTabVC.m */,
				3FA481441DF4171B00493E81 /* HSCPProjectVC.h */,
				3FA481451DF4171B00493E81 /* HSCPProjectVC.m */,
			);
			path = ClassicProject;
			sourceTree = "<group>";
		};
		3F9203E31DC38C36007EB7B6 /* CompanyIntroduction */ = {
			isa = PBXGroup;
			children = (
				3F9203ED1DC390C4007EB7B6 /* HSCIMainVC.h */,
				3F9203EE1DC390C4007EB7B6 /* HSCIMainVC.m */,
				3F16F8361DDB672900E26427 /* HSCITabVC.h */,
				3F16F8371DDB672900E26427 /* HSCITabVC.m */,
				3F16F8391DDB6A8200E26427 /* HSCICompanyProfileVC.h */,
				3F16F83A1DDB6A8200E26427 /* HSCICompanyProfileVC.m */,
				3F16F83B1DDB6A8200E26427 /* HSCIDevelopmentBaseVC.h */,
				3F16F83C1DDB6A8200E26427 /* HSCIDevelopmentBaseVC.m */,
				3F16F83D1DDB6A8200E26427 /* HSCIManufacturingBaseVC.h */,
				3F16F83E1DDB6A8200E26427 /* HSCIManufacturingBaseVC.m */,
				3F8F93211DE48B6A00495180 /* HSCISalesServiceVC.h */,
				3F8F93221DE48B6A00495180 /* HSCISalesServiceVC.m */,
				3FB7E38F1DE7DD0F007A33A9 /* HSCISalesServiceSubVC.h */,
				3FB7E3901DE7DD0F007A33A9 /* HSCISalesServiceSubVC.m */,
				3FCF05E91DE5D6AE0098D292 /* HSCIHistoryVC.h */,
				3FCF05EA1DE5D6AE0098D292 /* HSCIHistoryVC.m */,
				3F676EE51DD0B7A9000AE782 /* HSCITechnologyVC.h */,
				3F676EE61DD0B7A9000AE782 /* HSCITechnologyVC.m */,
				3F676EE81DD0B7C3000AE782 /* HSCITopicsVC.h */,
				3F676EE91DD0B7C3000AE782 /* HSCITopicsVC.m */,
				3FCF05E61DE5BD640098D292 /* HSCIBaseVideoVC.h */,
				3FCF05E71DE5BD640098D292 /* HSCIBaseVideoVC.m */,
			);
			path = CompanyIntroduction;
			sourceTree = "<group>";
		};
		3F9203E51DC38C36007EB7B6 /* ProductIntroduction */ = {
			isa = PBXGroup;
			children = (
				3F9203F61DC391A3007EB7B6 /* HSPITabVC.h */,
				3F9203F71DC391A3007EB7B6 /* HSPITabVC.m */,
				3F5C1EA41DE68B9E00B298F6 /* HSPIBaseVC.h */,
				3F5C1EA51DE68B9E00B298F6 /* HSPIBaseVC.m */,
				3F5C1EA71DE68BDD00B298F6 /* HSPIElevatorVC.h */,
				3F5C1EA81DE68BDD00B298F6 /* HSPIElevatorVC.m */,
				3F5C1EAA1DE68C6F00B298F6 /* HSPIEscalatorVC.h */,
				3F5C1EAB1DE68C6F00B298F6 /* HSPIEscalatorVC.m */,
			);
			path = ProductIntroduction;
			sourceTree = "<group>";
		};
		3F9203E61DC38DAF007EB7B6 /* Main */ = {
			isa = PBXGroup;
			children = (
				3F8032D11DD0638B00C8BFCD /* Base */,
				3F9203E91DC38DCD007EB7B6 /* HSMainTabController.h */,
				3F9203EA1DC38DCD007EB7B6 /* HSMainTabController.m */,
				3F9203F91DC396E0007EB7B6 /* HSMainVC.h */,
				3F9203FA1DC396E0007EB7B6 /* HSMainVC.m */,
				3FA527B61DE4308C00813E07 /* HSVideoPlayVC.h */,
				3FA527B71DE4308C00813E07 /* HSVideoPlayVC.m */,
				3F66977F1DE732490092311C /* HSPreviewVC.h */,
				3F6697801DE732490092311C /* HSPreviewVC.m */,
			);
			path = Main;
			sourceTree = "<group>";
		};
		3F9A4B671DF95344002F4A04 /* util */ = {
			isa = PBXGroup;
			children = (
				3F9A4B681DF95344002F4A04 /* HSDBUtil.h */,
				3F9A4B691DF95344002F4A04 /* HSDBUtil.m */,
				3F9A4B6A1DF95344002F4A04 /* HSViewUtil.h */,
				3F9A4B6B1DF95344002F4A04 /* HSViewUtil.m */,
				3F4A98291DF9B35A00B6649C /* HSResUtil.h */,
				3F4A982A1DF9B35A00B6649C /* HSResUtil.m */,
				3F7E39311DFC40D700BF78B2 /* HSFileUtil.h */,
				3F7E39321DFC40D700BF78B2 /* HSFileUtil.m */,
				3F7E39341DFC438C00BF78B2 /* HSInitUtil.h */,
				3F7E39351DFC438C00BF78B2 /* HSInitUtil.m */,
			);
			path = util;
			sourceTree = "<group>";
		};
		3FCF05EE1DE5E9EB0098D292 /* Maintenance */ = {
			isa = PBXGroup;
			children = (
				3FCF05EF1DE5E9EB0098D292 /* HSMaintenanceVC.h */,
				3FCF05F01DE5E9EB0098D292 /* HSMaintenanceVC.m */,
			);
			path = Maintenance;
			sourceTree = "<group>";
		};
		3FEBB4D91DF7F83D0075BE79 /* data */ = {
			isa = PBXGroup;
			children = (
				3FE7DE5C1DF85FC20066BF88 /* data.db */,
			);
			name = data;
			path = images/data;
			sourceTree = "<group>";
		};
		AB9CF02B0EFF46701AB9F05F /* Pods */ = {
			isa = PBXGroup;
			children = (
				54DB2CED8A5CBD43ACD0B5C9 /* Pods-HitachShow.debug.xcconfig */,
				349BBB22885E3522413A2D2F /* Pods-HitachShow.release.xcconfig */,
			);
			name = Pods;
			sourceTree = "<group>";
		};
/* End PBXGroup section */

/* Begin PBXNativeTarget section */
		3F3D80651DC24B6B0074556C /* HitachShow */ = {
			isa = PBXNativeTarget;
			buildConfigurationList = 3F3D80891DC24B6B0074556C /* Build configuration list for PBXNativeTarget "HitachShow" */;
			buildPhases = (
				A0287E3EA8FDD30BE8E79EED /* [CP] Check Pods Manifest.lock */,
				3F3D80621DC24B6B0074556C /* Sources */,
				3F3D80631DC24B6B0074556C /* Frameworks */,
				3F3D80641DC24B6B0074556C /* Resources */,
				4FC86B57386395C855296361 /* [CP] Embed Pods Frameworks */,
				FD4CF90A50C199F9DA8FDD49 /* [CP] Copy Pods Resources */,
			);
			buildRules = (
			);
			dependencies = (
			);
			name = HitachShow;
			productName = HitachShow;
			productReference = 3F3D80661DC24B6B0074556C /* HitachShow.app */;
			productType = "com.apple.product-type.application";
		};
/* End PBXNativeTarget section */

/* Begin PBXProject section */
		3F3D805E1DC24B6B0074556C /* Project object */ = {
			isa = PBXProject;
			attributes = {
				LastUpgradeCheck = 0640;
				ORGANIZATIONNAME = hitach;
				TargetAttributes = {
					3F3D80651DC24B6B0074556C = {
						CreatedOnToolsVersion = 6.4;
						DevelopmentTeam = WJR5NAA722;
					};
				};
			};
			buildConfigurationList = 3F3D80611DC24B6B0074556C /* Build configuration list for PBXProject "HitachShow" */;
			compatibilityVersion = "Xcode 3.2";
			developmentRegion = English;
			hasScannedForEncodings = 0;
			knownRegions = (
				en,
				Base,
			);
			mainGroup = 3F3D805D1DC24B6B0074556C;
			productRefGroup = 3F3D80671DC24B6B0074556C /* Products */;
			projectDirPath = "";
			projectRoot = "";
			targets = (
				3F3D80651DC24B6B0074556C /* HitachShow */,
			);
		};
/* End PBXProject section */

/* Begin PBXResourcesBuildPhase section */
		3F3D80641DC24B6B0074556C /* Resources */ = {
			isa = PBXResourcesBuildPhase;
			buildActionMask = 2147483647;
			files = (
				3F9A4B5B1DF94912002F4A04 /* main_btn_company_introduction@2x.png in Resources */,
				3F9A4B481DF94912002F4A04 /* maintenance_bg@2x.jpg in Resources */,
				3F6697831DE733490092311C /* test.pptx in Resources */,
				3F008F821DC252C300F3C752 /* LaunchScreen.xib in Resources */,
				3F9A4B4E1DF94912002F4A04 /* common_bg@2x.jpg in Resources */,
				3F9A4B491DF94912002F4A04 /* ci_topics_bg@2x.jpg in Resources */,
				3F9A4B471DF94912002F4A04 /* cp_area_part_bg_3_4_0@2x.jpg in Resources */,
				3F4A98141DF9936400B6649C /* test.mp4 in Resources */,
				3F9A4B461DF94912002F4A04 /* cp_area_part_bg_3_1_0@2x.jpg in Resources */,
				3F9A4B7C1DF97074002F4A04 /* ci_main_btn_2_1_Company Profile@2x.jpg in Resources */,
				3F9A4B4B1DF94912002F4A04 /* cp_area_btn_3_1_4_West Asia@2x.jpg in Resources */,
				3F9A4B5A1DF94912002F4A04 /* cp_type_btn_4_3_Residence@2x.jpg in Resources */,
				3F9A4B811DF97074002F4A04 /* ci_main_btn_2_6_Technology@2x.jpg in Resources */,
				3F9A4B7E1DF97074002F4A04 /* ci_main_btn_2_3_Manufacturing@2x.jpg in Resources */,
				3F9A4B561DF94912002F4A04 /* cp_type_btn_4_5_Shopping@2x.jpg in Resources */,
				3F4A98221DF9ADE500B6649C /* logo1@2x.png in Resources */,
				3F9A4B7D1DF97074002F4A04 /* ci_main_btn_2_2_Developmentbase@2x.jpg in Resources */,
				3F9A4B7F1DF97074002F4A04 /* ci_main_btn_2_4_Sales@2x.jpg in Resources */,
				3F9A4B541DF94912002F4A04 /* cp_type_btn_4_6_Airport@2x.jpg in Resources */,
				3F4A98281DF9AECE00B6649C /* pi_btn_video.png in Resources */,
				3F9A4B501DF94912002F4A04 /* ci_main_bg@2x.jpg in Resources */,
				3F9A4B801DF97074002F4A04 /* ci_main_btn_2_5_History@2x.jpg in Resources */,
				3F9A4B511DF94912002F4A04 /* pi_main_bg@2x.jpg in Resources */,
				3F9A4B431DF94912002F4A04 /* ci_history_bg@2x.jpg in Resources */,
				3F9A4B451DF94912002F4A04 /* cp_area_part_bg_3_3_0@2x.jpg in Resources */,
				3F9A4B5D1DF94912002F4A04 /* main_btn_maintenance@2x.png in Resources */,
				3F4A98271DF9AECE00B6649C /* pi_btn_ppt.png in Resources */,
				3F9A4B521DF94912002F4A04 /* cp_type_btn_4_1_Mix@2x.jpg in Resources */,
				3F9A4B581DF94912002F4A04 /* cp_type_btn_4_7_Commercial@2x.jpg in Resources */,
				3F9A4B421DF94912002F4A04 /* main_bg@2x.jpg in Resources */,
				3F9A4B441DF94912002F4A04 /* cp_area_part_bg_3_2_0@2x.jpg in Resources */,
				3F9A4B4C1DF94912002F4A04 /* cp_area_btn_3_1_2_The southeast@2x.jpg in Resources */,
				3F4A98261DF9AECE00B6649C /* pi_btn_pdf.png in Resources */,
				3F9A4B821DF97074002F4A04 /* ci_main_btn_2_7_Topics@2x.jpg in Resources */,
				3F9A4B551DF94912002F4A04 /* cp_type_btn_4_4_Hotel@2x.jpg in Resources */,
				3F7E39381DFC4AD000BF78B2 /* default-imgs.zip in Resources */,
				3F9A4B5E1DF94912002F4A04 /* main_btn_classic_project@2x.png in Resources */,
				3F9A4B531DF94912002F4A04 /* cp_main_btn_3_1_Area@2x.jpg in Resources */,
				3F9A4B5F1DF94912002F4A04 /* logo@2x.png in Resources */,
				3FE7DE5D1DF85FC20066BF88 /* data.db in Resources */,
				3F008F7F1DC2528A00F3C752 /* Images.xcassets in Resources */,
				3F9A4B591DF94912002F4A04 /* cp_type_btn_4_2_Office@2x.jpg in Resources */,
				3F9A4B571DF94912002F4A04 /* cp_type_btn_4_8_Others@2x.jpg in Resources */,
				3F9A4B4F1DF94912002F4A04 /* cp_main_btn_3_2_Building_type@2x.jpg in Resources */,
				3F9A4B4D1DF94912002F4A04 /* cp_area_btn_3_1_3_Southern@2x.jpg in Resources */,
				3F9A4B5C1DF94912002F4A04 /* main_btn_product_introduction@2x.png in Resources */,
				3F9A4B4A1DF94912002F4A04 /* cp_area_btn_3_1_1_East@2x.jpg in Resources */,
				3F6697851DE734130092311C /* test.pdf in Resources */,
			);
			runOnlyForDeploymentPostprocessing = 0;
		};
/* End PBXResourcesBuildPhase section */

/* Begin PBXShellScriptBuildPhase section */
		4FC86B57386395C855296361 /* [CP] Embed Pods Frameworks */ = {
			isa = PBXShellScriptBuildPhase;
			buildActionMask = 2147483647;
			files = (
			);
			inputPaths = (
			);
			name = "[CP] Embed Pods Frameworks";
			outputPaths = (
			);
			runOnlyForDeploymentPostprocessing = 0;
			shellPath = /bin/sh;
			shellScript = "\"${SRCROOT}/Pods/Target Support Files/Pods-HitachShow/Pods-HitachShow-frameworks.sh\"\n";
			showEnvVarsInLog = 0;
		};
		A0287E3EA8FDD30BE8E79EED /* [CP] Check Pods Manifest.lock */ = {
			isa = PBXShellScriptBuildPhase;
			buildActionMask = 2147483647;
			files = (
			);
			inputPaths = (
			);
			name = "[CP] Check Pods Manifest.lock";
			outputPaths = (
			);
			runOnlyForDeploymentPostprocessing = 0;
			shellPath = /bin/sh;
			shellScript = "diff \"${PODS_ROOT}/../Podfile.lock\" \"${PODS_ROOT}/Manifest.lock\" > /dev/null\nif [ $? != 0 ] ; then\n    # print error to STDERR\n    echo \"error: The sandbox is not in sync with the Podfile.lock. Run 'pod install' or update your CocoaPods installation.\" >&2\n    exit 1\nfi\n";
			showEnvVarsInLog = 0;
		};
		FD4CF90A50C199F9DA8FDD49 /* [CP] Copy Pods Resources */ = {
			isa = PBXShellScriptBuildPhase;
			buildActionMask = 2147483647;
			files = (
			);
			inputPaths = (
			);
			name = "[CP] Copy Pods Resources";
			outputPaths = (
			);
			runOnlyForDeploymentPostprocessing = 0;
			shellPath = /bin/sh;
			shellScript = "\"${SRCROOT}/Pods/Target Support Files/Pods-HitachShow/Pods-HitachShow-resources.sh\"\n";
			showEnvVarsInLog = 0;
		};
/* End PBXShellScriptBuildPhase section */

/* Begin PBXSourcesBuildPhase section */
		3F3D80621DC24B6B0074556C /* Sources */ = {
			isa = PBXSourcesBuildPhase;
			buildActionMask = 2147483647;
			files = (
				3FA527B81DE4308C00813E07 /* HSVideoPlayVC.m in Sources */,
				3FFB9E961DF0656200ACD9F9 /* HSCPTypePartVC.m in Sources */,
				3F903BE01DEF13CA00777388 /* HSCPAreaPartVC.m in Sources */,
				3FCF05E81DE5BD640098D292 /* HSCIBaseVideoVC.m in Sources */,
				3FCF05F11DE5E9EB0098D292 /* HSMaintenanceVC.m in Sources */,
				3F9203EF1DC390C4007EB7B6 /* HSCIMainVC.m in Sources */,
				3F8032DE1DD0638B00C8BFCD /* HSBaseBottomLogoVC.m in Sources */,
				3FA481461DF4171B00493E81 /* HSCPProjectVC.m in Sources */,
				3F16F8411DDB6A8200E26427 /* HSCIManufacturingBaseVC.m in Sources */,
				3F9A4B6C1DF95344002F4A04 /* HSDBUtil.m in Sources */,
				3F9203FB1DC396E0007EB7B6 /* HSMainVC.m in Sources */,
				3F3FA5211DE3EA210072DDE9 /* HSVideoView.m in Sources */,
				3F16F8381DDB672900E26427 /* HSCITabVC.m in Sources */,
				3F5C1EA91DE68BDD00B298F6 /* HSPIElevatorVC.m in Sources */,
				3F903BE31DEF240500777388 /* HSProjectView.m in Sources */,
				3F8032E11DD0638B00C8BFCD /* HSBaseTopLogoVC.m in Sources */,
				3FB7E3911DE7DD0F007A33A9 /* HSCISalesServiceSubVC.m in Sources */,
				3F008F7A1DC251FB00F3C752 /* main.m in Sources */,
				3F676EE71DD0B7A9000AE782 /* HSCITechnologyVC.m in Sources */,
				3FE7DE601DF860010066BF88 /* HSCommonInfo.m in Sources */,
				3F5C1EA61DE68B9E00B298F6 /* HSPIBaseVC.m in Sources */,
				3FCF05EB1DE5D6AE0098D292 /* HSCIHistoryVC.m in Sources */,
				3FFB9E9C1DF0742D00ACD9F9 /* HSCPAreaTabBar.m in Sources */,
				3FA375541DF0857B00E4EDA5 /* HSCPTypeTabBar.m in Sources */,
				3F8032E21DD0638B00C8BFCD /* HSBaseVC.m in Sources */,
				3F9A4B701DF953ED002F4A04 /* HSModel.m in Sources */,
				3F8032E31DD0638B00C8BFCD /* HSTabBarController.m in Sources */,
				3F1E72EB1DCAD0A800B16341 /* HSImageButton.m in Sources */,
				3F5C1EAF1DE68F2200B298F6 /* HSProductView.m in Sources */,
				3FFB9E991DF0719200ACD9F9 /* HSCPAreaTabVC.m in Sources */,
				3F8F93231DE48B6A00495180 /* HSCISalesServiceVC.m in Sources */,
				3F5313931DEC114E005B8CC2 /* HSCPTypeVC.m in Sources */,
				3F7E39361DFC438C00BF78B2 /* HSInitUtil.m in Sources */,
				3F676EEA1DD0B7C3000AE782 /* HSCITopicsVC.m in Sources */,
				3F9203F81DC391A3007EB7B6 /* HSPITabVC.m in Sources */,
				3FA375511DF084B300E4EDA5 /* HSCPTypeTabVC.m in Sources */,
				3F5313961DEC1775005B8CC2 /* HSCPTabVC.m in Sources */,
				3F5C1EAC1DE68C6F00B298F6 /* HSPIEscalatorVC.m in Sources */,
				3F4A982B1DF9B35A00B6649C /* HSResUtil.m in Sources */,
				3F9203F21DC390E5007EB7B6 /* HSCPMainVC.m in Sources */,
				3F16F83F1DDB6A8200E26427 /* HSCICompanyProfileVC.m in Sources */,
				3F2B20A81DC602A700B2BBA4 /* HSTabBar.m in Sources */,
				3F9A4B6D1DF95344002F4A04 /* HSViewUtil.m in Sources */,
				3FD176C61DEC7827000131E4 /* HSCPBaseVC.m in Sources */,
				3F9203EC1DC38DCD007EB7B6 /* HSMainTabController.m in Sources */,
				3F16F8401DDB6A8200E26427 /* HSCIDevelopmentBaseVC.m in Sources */,
				3F5313901DEC1115005B8CC2 /* HSCPAreaVC.m in Sources */,
				3F008F7D1DC2521E00F3C752 /* AppDelegate.m in Sources */,
				3F7E39331DFC40D700BF78B2 /* HSFileUtil.m in Sources */,
				3F8032DF1DD0638B00C8BFCD /* HSBaseContentVC.m in Sources */,
				3F6697811DE732490092311C /* HSPreviewVC.m in Sources */,
				3F22737C1DCC52B1003E421E /* HSLabel.m in Sources */,
			);
			runOnlyForDeploymentPostprocessing = 0;
		};
/* End PBXSourcesBuildPhase section */

/* Begin XCBuildConfiguration section */
		3F3D80871DC24B6B0074556C /* Debug */ = {
			isa = XCBuildConfiguration;
			buildSettings = {
				ALWAYS_SEARCH_USER_PATHS = NO;
				CLANG_CXX_LANGUAGE_STANDARD = "gnu++0x";
				CLANG_CXX_LIBRARY = "libc++";
				CLANG_ENABLE_MODULES = YES;
				CLANG_ENABLE_OBJC_ARC = YES;
				CLANG_WARN_BOOL_CONVERSION = YES;
				CLANG_WARN_CONSTANT_CONVERSION = YES;
				CLANG_WARN_DIRECT_OBJC_ISA_USAGE = YES_ERROR;
				CLANG_WARN_EMPTY_BODY = YES;
				CLANG_WARN_ENUM_CONVERSION = YES;
				CLANG_WARN_INT_CONVERSION = YES;
				CLANG_WARN_OBJC_ROOT_CLASS = YES_ERROR;
				CLANG_WARN_UNREACHABLE_CODE = YES;
				CLANG_WARN__DUPLICATE_METHOD_MATCH = YES;
				"CODE_SIGN_IDENTITY[sdk=iphoneos*]" = "iPhone Developer";
				COPY_PHASE_STRIP = NO;
				DEBUG_INFORMATION_FORMAT = "dwarf-with-dsym";
				ENABLE_STRICT_OBJC_MSGSEND = YES;
				GCC_C_LANGUAGE_STANDARD = gnu99;
				GCC_DYNAMIC_NO_PIC = NO;
				GCC_NO_COMMON_BLOCKS = YES;
				GCC_OPTIMIZATION_LEVEL = 0;
				GCC_PREPROCESSOR_DEFINITIONS = (
					"DEBUG=1",
					"$(inherited)",
				);
				GCC_SYMBOLS_PRIVATE_EXTERN = NO;
				GCC_WARN_64_TO_32_BIT_CONVERSION = YES;
				GCC_WARN_ABOUT_RETURN_TYPE = YES_ERROR;
				GCC_WARN_UNDECLARED_SELECTOR = YES;
				GCC_WARN_UNINITIALIZED_AUTOS = YES_AGGRESSIVE;
				GCC_WARN_UNUSED_FUNCTION = YES;
				GCC_WARN_UNUSED_VARIABLE = YES;
				IPHONEOS_DEPLOYMENT_TARGET = 8.0;
				MTL_ENABLE_DEBUG_INFO = YES;
				ONLY_ACTIVE_ARCH = YES;
				SDKROOT = iphoneos;
				TARGETED_DEVICE_FAMILY = 2;
			};
			name = Debug;
		};
		3F3D80881DC24B6B0074556C /* Release */ = {
			isa = XCBuildConfiguration;
			buildSettings = {
				ALWAYS_SEARCH_USER_PATHS = NO;
				CLANG_CXX_LANGUAGE_STANDARD = "gnu++0x";
				CLANG_CXX_LIBRARY = "libc++";
				CLANG_ENABLE_MODULES = YES;
				CLANG_ENABLE_OBJC_ARC = YES;
				CLANG_WARN_BOOL_CONVERSION = YES;
				CLANG_WARN_CONSTANT_CONVERSION = YES;
				CLANG_WARN_DIRECT_OBJC_ISA_USAGE = YES_ERROR;
				CLANG_WARN_EMPTY_BODY = YES;
				CLANG_WARN_ENUM_CONVERSION = YES;
				CLANG_WARN_INT_CONVERSION = YES;
				CLANG_WARN_OBJC_ROOT_CLASS = YES_ERROR;
				CLANG_WARN_UNREACHABLE_CODE = YES;
				CLANG_WARN__DUPLICATE_METHOD_MATCH = YES;
				"CODE_SIGN_IDENTITY[sdk=iphoneos*]" = "iPhone Developer";
				COPY_PHASE_STRIP = NO;
				DEBUG_INFORMATION_FORMAT = "dwarf-with-dsym";
				ENABLE_NS_ASSERTIONS = NO;
				ENABLE_STRICT_OBJC_MSGSEND = YES;
				GCC_C_LANGUAGE_STANDARD = gnu99;
				GCC_NO_COMMON_BLOCKS = YES;
				GCC_WARN_64_TO_32_BIT_CONVERSION = YES;
				GCC_WARN_ABOUT_RETURN_TYPE = YES_ERROR;
				GCC_WARN_UNDECLARED_SELECTOR = YES;
				GCC_WARN_UNINITIALIZED_AUTOS = YES_AGGRESSIVE;
				GCC_WARN_UNUSED_FUNCTION = YES;
				GCC_WARN_UNUSED_VARIABLE = YES;
				IPHONEOS_DEPLOYMENT_TARGET = 8.0;
				MTL_ENABLE_DEBUG_INFO = NO;
				SDKROOT = iphoneos;
				TARGETED_DEVICE_FAMILY = 2;
				VALIDATE_PRODUCT = YES;
			};
			name = Release;
		};
		3F3D808A1DC24B6B0074556C /* Debug */ = {
			isa = XCBuildConfiguration;
			baseConfigurationReference = 54DB2CED8A5CBD43ACD0B5C9 /* Pods-HitachShow.debug.xcconfig */;
			buildSettings = {
				ASSETCATALOG_COMPILER_APPICON_NAME = AppIcon;
				CODE_SIGN_IDENTITY = "iPhone Developer";
				FRAMEWORK_SEARCH_PATHS = (
					"$(inherited)",
					"/Users/Jeremy/Desktop/MobileVLCKit/MobileVLCKit-binary",
				);
				GCC_PRECOMPILE_PREFIX_HEADER = YES;
				GCC_PREFIX_HEADER = "$(SRCROOT)/$(PROJECT)/Others/Prefix.pch";
				INFOPLIST_FILE = "$(SRCROOT)/HitachShow/Resource/Info.plist";
				LD_RUNPATH_SEARCH_PATHS = "$(inherited) @executable_path/Frameworks";
				PRODUCT_NAME = "$(TARGET_NAME)";
			};
			name = Debug;
		};
		3F3D808B1DC24B6B0074556C /* Release */ = {
			isa = XCBuildConfiguration;
			baseConfigurationReference = 349BBB22885E3522413A2D2F /* Pods-HitachShow.release.xcconfig */;
			buildSettings = {
				ASSETCATALOG_COMPILER_APPICON_NAME = AppIcon;
				CODE_SIGN_IDENTITY = "iPhone Developer";
				FRAMEWORK_SEARCH_PATHS = (
					"$(inherited)",
					"/Users/Jeremy/Desktop/MobileVLCKit/MobileVLCKit-binary",
				);
				GCC_PRECOMPILE_PREFIX_HEADER = YES;
				GCC_PREFIX_HEADER = "$(SRCROOT)/$(PROJECT)/Others/Prefix.pch";
				INFOPLIST_FILE = "$(SRCROOT)/HitachShow/Resource/Info.plist";
				LD_RUNPATH_SEARCH_PATHS = "$(inherited) @executable_path/Frameworks";
				PRODUCT_NAME = "$(TARGET_NAME)";
			};
			name = Release;
		};
/* End XCBuildConfiguration section */

/* Begin XCConfigurationList section */
		3F3D80611DC24B6B0074556C /* Build configuration list for PBXProject "HitachShow" */ = {
			isa = XCConfigurationList;
			buildConfigurations = (
				3F3D80871DC24B6B0074556C /* Debug */,
				3F3D80881DC24B6B0074556C /* Release */,
			);
			defaultConfigurationIsVisible = 0;
			defaultConfigurationName = Release;
		};
		3F3D80891DC24B6B0074556C /* Build configuration list for PBXNativeTarget "HitachShow" */ = {
			isa = XCConfigurationList;
			buildConfigurations = (
				3F3D808A1DC24B6B0074556C /* Debug */,
				3F3D808B1DC24B6B0074556C /* Release */,
			);
			defaultConfigurationIsVisible = 0;
			defaultConfigurationName = Release;
		};
/* End XCConfigurationList section */
	};
	rootObject = 3F3D805E1DC24B6B0074556C /* Project object */;
}
